// !$*UTF8*$!
{
	archiveVersion = 1;
	classes = {
	};
	objectVersion = 51;
	objects = {

/* Begin PBXBuildFile section */
		55850011244972C5001A09B1 /* XSBaseViewController.m in Sources */ = {isa = PBXBuildFile; fileRef = 5585FF8D244972C4001A09B1 /* XSBaseViewController.m */; };
		55850012244972C5001A09B1 /* XSBaseNavViewController.m in Sources */ = {isa = PBXBuildFile; fileRef = 5585FF8F244972C4001A09B1 /* XSBaseNavViewController.m */; };
		55850013244972C5001A09B1 /* XSBaseTableViewCell.m in Sources */ = {isa = PBXBuildFile; fileRef = 5585FF90244972C4001A09B1 /* XSBaseTableViewCell.m */; };
		55850014244972C5001A09B1 /* main.m in Sources */ = {isa = PBXBuildFile; fileRef = 5585FF93244972C4001A09B1 /* main.m */; };
		55850015244972C5001A09B1 /* FindHouseViewController.m in Sources */ = {isa = PBXBuildFile; fileRef = 5585FF96244972C4001A09B1 /* FindHouseViewController.m */; };
		55850016244972C5001A09B1 /* ViewController.m in Sources */ = {isa = PBXBuildFile; fileRef = 5585FF9A244972C4001A09B1 /* ViewController.m */; };
		55850017244972C5001A09B1 /* SceneDelegate.m in Sources */ = {isa = PBXBuildFile; fileRef = 5585FF9B244972C4001A09B1 /* SceneDelegate.m */; };
		55850018244972C5001A09B1 /* AppDelegate.m in Sources */ = {isa = PBXBuildFile; fileRef = 5585FF9D244972C4001A09B1 /* AppDelegate.m */; };
		55850019244972C5001A09B1 /* XSTabBarViewController.m in Sources */ = {isa = PBXBuildFile; fileRef = 5585FF9E244972C4001A09B1 /* XSTabBarViewController.m */; };
		5585001A244972C5001A09B1 /* XSNavViewController.m in Sources */ = {isa = PBXBuildFile; fileRef = 5585FF9F244972C4001A09B1 /* XSNavViewController.m */; };
		5585001B244972C5001A09B1 /* XSLogInVcModel.m in Sources */ = {isa = PBXBuildFile; fileRef = 5585FFA4244972C4001A09B1 /* XSLogInVcModel.m */; };
		5585001C244972C5001A09B1 /* XSLoginViewController.m in Sources */ = {isa = PBXBuildFile; fileRef = 5585FFA6244972C4001A09B1 /* XSLoginViewController.m */; };
		5585001D244972C5001A09B1 /* XSUserLogInModel.m in Sources */ = {isa = PBXBuildFile; fileRef = 5585FFA8244972C4001A09B1 /* XSUserLogInModel.m */; };
		5585001F244972C5001A09B1 /* XSLoginViewController.xib in Resources */ = {isa = PBXBuildFile; fileRef = 5585FFAB244972C4001A09B1 /* XSLoginViewController.xib */; };
		55850020244972C5001A09B1 /* XSUserServer.m in Sources */ = {isa = PBXBuildFile; fileRef = 5585FFAC244972C4001A09B1 /* XSUserServer.m */; };
		55850021244972C5001A09B1 /* Info.plist in Resources */ = {isa = PBXBuildFile; fileRef = 5585FFAE244972C4001A09B1 /* Info.plist */; };
		5585015024497F5F001A09B1 /* XSSearchEstateController.m in Sources */ = {isa = PBXBuildFile; fileRef = 558500DA24497F5F001A09B1 /* XSSearchEstateController.m */; };
		5585015124497F5F001A09B1 /* XSHouseIntroduceController.xib in Resources */ = {isa = PBXBuildFile; fileRef = 558500DE24497F5F001A09B1 /* XSHouseIntroduceController.xib */; };
		5585015224497F5F001A09B1 /* XSHouseIntroduceController.m in Sources */ = {isa = PBXBuildFile; fileRef = 558500DF24497F5F001A09B1 /* XSHouseIntroduceController.m */; };
		5585015324497F5F001A09B1 /* XSMapViewController.m in Sources */ = {isa = PBXBuildFile; fileRef = 558500E224497F5F001A09B1 /* XSMapViewController.m */; };
		5585015424497F5F001A09B1 /* XSHouseSubSuccessViewController.xib in Resources */ = {isa = PBXBuildFile; fileRef = 558500E524497F5F001A09B1 /* XSHouseSubSuccessViewController.xib */; };
		5585015524497F5F001A09B1 /* XSHouseSubSuccessViewController.m in Sources */ = {isa = PBXBuildFile; fileRef = 558500E624497F5F001A09B1 /* XSHouseSubSuccessViewController.m */; };
		5585015624497F5F001A09B1 /* XSImagesViewController.m in Sources */ = {isa = PBXBuildFile; fileRef = 558500E824497F5F001A09B1 /* XSImagesViewController.m */; };
		5585015724497F5F001A09B1 /* XSImagesTableViewCell.xib in Resources */ = {isa = PBXBuildFile; fileRef = 558500EB24497F5F001A09B1 /* XSImagesTableViewCell.xib */; };
		5585015824497F5F001A09B1 /* XSImagesTableViewCell.m in Sources */ = {isa = PBXBuildFile; fileRef = 558500EC24497F5F001A09B1 /* XSImagesTableViewCell.m */; };
		5585015924497F5F001A09B1 /* XSPageViewController.m in Sources */ = {isa = PBXBuildFile; fileRef = 558500EF24497F5F001A09B1 /* XSPageViewController.m */; };
		5585015A24497F5F001A09B1 /* JHCollectionViewFlowLayout.m in Sources */ = {isa = PBXBuildFile; fileRef = 558500F024497F5F001A09B1 /* JHCollectionViewFlowLayout.m */; };
		5585015B24497F5F001A09B1 /* XSDoorTableViewCell.xib in Resources */ = {isa = PBXBuildFile; fileRef = 558500F324497F5F001A09B1 /* XSDoorTableViewCell.xib */; };
		5585015C24497F5F001A09B1 /* XSDoorCollectionViewCell.xib in Resources */ = {isa = PBXBuildFile; fileRef = 558500F524497F5F001A09B1 /* XSDoorCollectionViewCell.xib */; };
		5585015D24497F5F001A09B1 /* XSDoorTableViewCell.m in Sources */ = {isa = PBXBuildFile; fileRef = 558500F724497F5F001A09B1 /* XSDoorTableViewCell.m */; };
		5585015E24497F5F001A09B1 /* XSDoorCollectionViewCell.m in Sources */ = {isa = PBXBuildFile; fileRef = 558500F824497F5F001A09B1 /* XSDoorCollectionViewCell.m */; };
		5585015F24497F5F001A09B1 /* XSDoorViewController.m in Sources */ = {isa = PBXBuildFile; fileRef = 558500F924497F5F001A09B1 /* XSDoorViewController.m */; };
		5585016024497F5F001A09B1 /* XSLPDTTableViewCell.m in Sources */ = {isa = PBXBuildFile; fileRef = 558500FC24497F5F001A09B1 /* XSLPDTTableViewCell.m */; };
		5585016124497F5F001A09B1 /* XSLPDTTableViewCell.xib in Resources */ = {isa = PBXBuildFile; fileRef = 558500FD24497F5F001A09B1 /* XSLPDTTableViewCell.xib */; };
		5585016224497F5F001A09B1 /* XSLPDTViewController.m in Sources */ = {isa = PBXBuildFile; fileRef = 5585010024497F5F001A09B1 /* XSLPDTViewController.m */; };
		5585016324497F5F001A09B1 /* XSHouseDetailsController.xib in Resources */ = {isa = PBXBuildFile; fileRef = 5585010224497F5F001A09B1 /* XSHouseDetailsController.xib */; };
		5585016424497F5F001A09B1 /* XSHouseDetailsController.m in Sources */ = {isa = PBXBuildFile; fileRef = 5585010324497F5F001A09B1 /* XSHouseDetailsController.m */; };
		5585016524497F5F001A09B1 /* XSHouseSubmitFirstViewController.m in Sources */ = {isa = PBXBuildFile; fileRef = 5585010424497F5F001A09B1 /* XSHouseSubmitFirstViewController.m */; };
		5585016624497F5F001A09B1 /* XSHouseSubmitFirstViewController.xib in Resources */ = {isa = PBXBuildFile; fileRef = 5585010724497F5F001A09B1 /* XSHouseSubmitFirstViewController.xib */; };
		5585016724497F5F001A09B1 /* XSHouseModuleViewController.m in Sources */ = {isa = PBXBuildFile; fileRef = 5585010A24497F5F001A09B1 /* XSHouseModuleViewController.m */; };
		5585016824497F5F001A09B1 /* XSHouseModuleViewController.xib in Resources */ = {isa = PBXBuildFile; fileRef = 5585010B24497F5F001A09B1 /* XSHouseModuleViewController.xib */; };
		5585016924497F5F001A09B1 /* XSMyPublishHosueController.m in Sources */ = {isa = PBXBuildFile; fileRef = 5585010C24497F5F001A09B1 /* XSMyPublishHosueController.m */; };
		5585016A24497F5F001A09B1 /* XSNewHouseDetailsInfo.json in Resources */ = {isa = PBXBuildFile; fileRef = 5585010F24497F5F001A09B1 /* XSNewHouseDetailsInfo.json */; };
		5585016B24497F5F001A09B1 /* XSRentHouseDetailsInfo.json in Resources */ = {isa = PBXBuildFile; fileRef = 5585011024497F5F001A09B1 /* XSRentHouseDetailsInfo.json */; };
		5585016C24497F5F001A09B1 /* XSSecondHouseDetailsInfo.json in Resources */ = {isa = PBXBuildFile; fileRef = 5585011124497F5F001A09B1 /* XSSecondHouseDetailsInfo.json */; };
		5585016D24497F5F001A09B1 /* XSHouseInfo.json in Resources */ = {isa = PBXBuildFile; fileRef = 5585011224497F5F001A09B1 /* XSHouseInfo.json */; };
		5585016E24497F5F001A09B1 /* XSRentHouseInfoB.json in Resources */ = {isa = PBXBuildFile; fileRef = 5585011424497F5F001A09B1 /* XSRentHouseInfoB.json */; };
		5585016F24497F5F001A09B1 /* XSSellHouseInfoFirst.json in Resources */ = {isa = PBXBuildFile; fileRef = 5585011624497F5F001A09B1 /* XSSellHouseInfoFirst.json */; };
		5585017024497F5F001A09B1 /* XSSellHouseInfoSecond.json in Resources */ = {isa = PBXBuildFile; fileRef = 5585011724497F5F001A09B1 /* XSSellHouseInfoSecond.json */; };
		5585017124497F5F001A09B1 /* XSSellHouseInfoThird.json in Resources */ = {isa = PBXBuildFile; fileRef = 5585011824497F5F001A09B1 /* XSSellHouseInfoThird.json */; };
		5585017224497F5F001A09B1 /* XSHouseSearch.json in Resources */ = {isa = PBXBuildFile; fileRef = 5585011924497F5F001A09B1 /* XSHouseSearch.json */; };
		5585017324497F5F001A09B1 /* XSRentHouseInfoSecond.json in Resources */ = {isa = PBXBuildFile; fileRef = 5585011B24497F5F001A09B1 /* XSRentHouseInfoSecond.json */; };
		5585017424497F5F001A09B1 /* XSRentHouseInfoFirst.json in Resources */ = {isa = PBXBuildFile; fileRef = 5585011C24497F5F001A09B1 /* XSRentHouseInfoFirst.json */; };
		5585017524497F5F001A09B1 /* XSRentHouseInfoThird.json in Resources */ = {isa = PBXBuildFile; fileRef = 5585011D24497F5F001A09B1 /* XSRentHouseInfoThird.json */; };
		5585017624497F5F001A09B1 /* XSHouseSubMitModel.m in Sources */ = {isa = PBXBuildFile; fileRef = 5585012024497F5F001A09B1 /* XSHouseSubMitModel.m */; };
		5585017724497F5F001A09B1 /* XSHouseSubMitServer.m in Sources */ = {isa = PBXBuildFile; fileRef = 5585012424497F5F001A09B1 /* XSHouseSubMitServer.m */; };
		5585017824497F5F001A09B1 /* XSPublicServer.m in Sources */ = {isa = PBXBuildFile; fileRef = 5585012624497F5F001A09B1 /* XSPublicServer.m */; };
		5585017924497F5F001A09B1 /* XSHouseDetailsModel.m in Sources */ = {isa = PBXBuildFile; fileRef = 5585012724497F5F001A09B1 /* XSHouseDetailsModel.m */; };
		5585017A24497F5F001A09B1 /* XSHouseInfoShowModel.m in Sources */ = {isa = PBXBuildFile; fileRef = 5585012924497F5F001A09B1 /* XSHouseInfoShowModel.m */; };
		5585017B24497F5F001A09B1 /* XSBaseServer.m in Sources */ = {isa = PBXBuildFile; fileRef = 5585012B24497F5F001A09B1 /* XSBaseServer.m */; };
		5585017C24497F5F001A09B1 /* XSHouseSubTableViewCell.m in Sources */ = {isa = PBXBuildFile; fileRef = 5585012F24497F5F001A09B1 /* XSHouseSubTableViewCell.m */; };
		5585017D24497F5F001A09B1 /* XSHouseInfoShowCell.xib in Resources */ = {isa = PBXBuildFile; fileRef = 5585013024497F5F001A09B1 /* XSHouseInfoShowCell.xib */; };
		5585017E24497F5F001A09B1 /* XSHouseInfoShowCell.m in Sources */ = {isa = PBXBuildFile; fileRef = 5585013124497F5F001A09B1 /* XSHouseInfoShowCell.m */; };
		5585017F24497F5F001A09B1 /* XSHouseInfoTableView.m in Sources */ = {isa = PBXBuildFile; fileRef = 5585013324497F5F001A09B1 /* XSHouseInfoTableView.m */; };
		5585018024497F5F001A09B1 /* XSLocationSearchview.m in Sources */ = {isa = PBXBuildFile; fileRef = 5585013524497F5F001A09B1 /* XSLocationSearchview.m */; };
		5585018124497F5F001A09B1 /* XSHouseMasterInfoView.m in Sources */ = {isa = PBXBuildFile; fileRef = 5585013624497F5F001A09B1 /* XSHouseMasterInfoView.m */; };
		5585018224497F5F001A09B1 /* XSRegionSearchView.m in Sources */ = {isa = PBXBuildFile; fileRef = 5585013724497F5F001A09B1 /* XSRegionSearchView.m */; };
		5585018924497F5F001A09B1 /* XSCollectionView.m in Sources */ = {isa = PBXBuildFile; fileRef = 5585014324497F5F001A09B1 /* XSCollectionView.m */; };
		5585018A24497F5F001A09B1 /* XSHouseMasterInfoView.xib in Resources */ = {isa = PBXBuildFile; fileRef = 5585014524497F5F001A09B1 /* XSHouseMasterInfoView.xib */; };
		5585018B24497F5F001A09B1 /* XSRoundedView.m in Sources */ = {isa = PBXBuildFile; fileRef = 5585014824497F5F001A09B1 /* XSRoundedView.m */; };
		5585018C24497F5F001A09B1 /* XSPhotoPickerView.m in Sources */ = {isa = PBXBuildFile; fileRef = 5585014924497F5F001A09B1 /* XSPhotoPickerView.m */; };
		5585018D24497F5F001A09B1 /* XSHouseRentStatusView.m in Sources */ = {isa = PBXBuildFile; fileRef = 5585014A24497F5F001A09B1 /* XSHouseRentStatusView.m */; };
		5585018E24497F5F001A09B1 /* XSSearchConditionalView.xib in Resources */ = {isa = PBXBuildFile; fileRef = 5585014B24497F5F001A09B1 /* XSSearchConditionalView.xib */; };
		5585018F24497F5F001A09B1 /* XSPhotoPickerView.xib in Resources */ = {isa = PBXBuildFile; fileRef = 5585014C24497F5F001A09B1 /* XSPhotoPickerView.xib */; };
		5585019024497F5F001A09B1 /* XSLocationSearchview.xib in Resources */ = {isa = PBXBuildFile; fileRef = 5585014D24497F5F001A09B1 /* XSLocationSearchview.xib */; };
		5585019124497F5F001A09B1 /* XSHouseSubTableViewCell.xib in Resources */ = {isa = PBXBuildFile; fileRef = 5585014E24497F5F001A09B1 /* XSHouseSubTableViewCell.xib */; };
		5585FFAF244972C4001A09B1 /* HomePageViewController.xib in Resources */ = {isa = PBXBuildFile; fileRef = 5585FED5244972C4001A09B1 /* HomePageViewController.xib */; };
		5585FFB0244972C4001A09B1 /* HomePageViewController.m in Sources */ = {isa = PBXBuildFile; fileRef = 5585FED6244972C4001A09B1 /* HomePageViewController.m */; };
		5585FFB1244972C4001A09B1 /* MyInfoViewController.xib in Resources */ = {isa = PBXBuildFile; fileRef = 5585FED9244972C4001A09B1 /* MyInfoViewController.xib */; };
		5585FFB2244972C4001A09B1 /* MyInfoViewController.m in Sources */ = {isa = PBXBuildFile; fileRef = 5585FEDA244972C4001A09B1 /* MyInfoViewController.m */; };
		5585FFB3244972C4001A09B1 /* fangdinghui.cer in Resources */ = {isa = PBXBuildFile; fileRef = 5585FEDC244972C4001A09B1 /* fangdinghui.cer */; };
		5585FFB4244972C4001A09B1 /* XShouseSubNetworkInterface.m in Sources */ = {isa = PBXBuildFile; fileRef = 5585FEDF244972C4001A09B1 /* XShouseSubNetworkInterface.m */; };
		5585FFB5244972C4001A09B1 /* XSUserInfoInterface.m in Sources */ = {isa = PBXBuildFile; fileRef = 5585FEE2244972C4001A09B1 /* XSUserInfoInterface.m */; };
		5585FFB6244972C4001A09B1 /* XSNetworkInterface.m in Sources */ = {isa = PBXBuildFile; fileRef = 5585FEE4244972C4001A09B1 /* XSNetworkInterface.m */; };
		5585FFB7244972C4001A09B1 /* XSOperationParam.m in Sources */ = {isa = PBXBuildFile; fileRef = 5585FEE6244972C4001A09B1 /* XSOperationParam.m */; };
		5585FFB8244972C4001A09B1 /* XSHouseBunnerModel.m in Sources */ = {isa = PBXBuildFile; fileRef = 5585FEE7244972C4001A09B1 /* XSHouseBunnerModel.m */; };
		5585FFB9244972C4001A09B1 /* NSDictionary+safe.m in Sources */ = {isa = PBXBuildFile; fileRef = 5585FEEB244972C4001A09B1 /* NSDictionary+safe.m */; };
		5585FFBA244972C4001A09B1 /* UIView+HBExtension.m in Sources */ = {isa = PBXBuildFile; fileRef = 5585FEEE244972C4001A09B1 /* UIView+HBExtension.m */; };
		5585FFBB244972C4001A09B1 /* NSMutableDictionary+safe.m in Sources */ = {isa = PBXBuildFile; fileRef = 5585FEF2244972C4001A09B1 /* NSMutableDictionary+safe.m */; };
		5585FFBC244972C4001A09B1 /* PrintBeautifulLog.m in Sources */ = {isa = PBXBuildFile; fileRef = 5585FEF3244972C4001A09B1 /* PrintBeautifulLog.m */; };
		5585FFBD244972C4001A09B1 /* NSArray+Category.m in Sources */ = {isa = PBXBuildFile; fileRef = 5585FEF6244972C4001A09B1 /* NSArray+Category.m */; };
		5585FFBE244972C4001A09B1 /* NSArray+safe.m in Sources */ = {isa = PBXBuildFile; fileRef = 5585FEF9244972C4001A09B1 /* NSArray+safe.m */; };
		5585FFBF244972C4001A09B1 /* NSMutableArray+safe.m in Sources */ = {isa = PBXBuildFile; fileRef = 5585FEFB244972C4001A09B1 /* NSMutableArray+safe.m */; };
		5585FFC0244972C4001A09B1 /* NSNumber+safe.m in Sources */ = {isa = PBXBuildFile; fileRef = 5585FEFF244972C4001A09B1 /* NSNumber+safe.m */; };
		5585FFC1244972C4001A09B1 /* NSObject+safe.m in Sources */ = {isa = PBXBuildFile; fileRef = 5585FF01244972C4001A09B1 /* NSObject+safe.m */; };
		5585FFC2244972C4001A09B1 /* NSObject+swizzle.m in Sources */ = {isa = PBXBuildFile; fileRef = 5585FF02244972C4001A09B1 /* NSObject+swizzle.m */; };
		5585FFC3244972C4001A09B1 /* NSObject+HBNotification.m in Sources */ = {isa = PBXBuildFile; fileRef = 5585FF04244972C4001A09B1 /* NSObject+HBNotification.m */; };
		5585FFC4244972C4001A09B1 /* NSObject+PerformBlock.m in Sources */ = {isa = PBXBuildFile; fileRef = 5585FF05244972C4001A09B1 /* NSObject+PerformBlock.m */; };
		5585FFC5244972C4001A09B1 /* NSObject+category.m in Sources */ = {isa = PBXBuildFile; fileRef = 5585FF09244972C4001A09B1 /* NSObject+category.m */; };
		5585FFC6244972C4001A09B1 /* NSMutableString+safe.m in Sources */ = {isa = PBXBuildFile; fileRef = 5585FF0D244972C4001A09B1 /* NSMutableString+safe.m */; };
		5585FFC7244972C4001A09B1 /* NSDate+Category.m in Sources */ = {isa = PBXBuildFile; fileRef = 5585FF0F244972C4001A09B1 /* NSDate+Category.m */; };
		5585FFC8244972C4001A09B1 /* Assets.xcassets in Resources */ = {isa = PBXBuildFile; fileRef = 5585FF11244972C4001A09B1 /* Assets.xcassets */; };
		5585FFC9244972C4001A09B1 /* MessageViewController.m in Sources */ = {isa = PBXBuildFile; fileRef = 5585FF13244972C4001A09B1 /* MessageViewController.m */; };
		5585FFCA244972C4001A09B1 /* LaunchScreen.storyboard in Resources */ = {isa = PBXBuildFile; fileRef = 5585FF15244972C4001A09B1 /* LaunchScreen.storyboard */; };
		5585FFCB244972C4001A09B1 /* Main.storyboard in Resources */ = {isa = PBXBuildFile; fileRef = 5585FF17244972C4001A09B1 /* Main.storyboard */; };
		9AC3A3F8DF5C36DD201ED436 /* libPods-XSHouseLease.a in Frameworks */ = {isa = PBXBuildFile; fileRef = 2818EC9B5CB7624F84048215 /* libPods-XSHouseLease.a */; };
/* End PBXBuildFile section */

/* Begin PBXFileReference section */
		2818EC9B5CB7624F84048215 /* libPods-XSHouseLease.a */ = {isa = PBXFileReference; explicitFileType = archive.ar; includeInIndex = 0; path = "libPods-XSHouseLease.a"; sourceTree = BUILT_PRODUCTS_DIR; };
		558500DA24497F5F001A09B1 /* XSSearchEstateController.m */ = {isa = PBXFileReference; fileEncoding = 4; lastKnownFileType = sourcecode.c.objc; path = XSSearchEstateController.m; sourceTree = "<group>"; };
		558500DB24497F5F001A09B1 /* XSSearchEstateController.h */ = {isa = PBXFileReference; fileEncoding = 4; lastKnownFileType = sourcecode.c.h; path = XSSearchEstateController.h; sourceTree = "<group>"; };
		558500DD24497F5F001A09B1 /* XSHouseIntroduceController.h */ = {isa = PBXFileReference; fileEncoding = 4; lastKnownFileType = sourcecode.c.h; path = XSHouseIntroduceController.h; sourceTree = "<group>"; };
		558500DE24497F5F001A09B1 /* XSHouseIntroduceController.xib */ = {isa = PBXFileReference; fileEncoding = 4; lastKnownFileType = file.xib; path = XSHouseIntroduceController.xib; sourceTree = "<group>"; };
		558500DF24497F5F001A09B1 /* XSHouseIntroduceController.m */ = {isa = PBXFileReference; fileEncoding = 4; lastKnownFileType = sourcecode.c.objc; path = XSHouseIntroduceController.m; sourceTree = "<group>"; };
		558500E124497F5F001A09B1 /* XSMapViewController.h */ = {isa = PBXFileReference; fileEncoding = 4; lastKnownFileType = sourcecode.c.h; path = XSMapViewController.h; sourceTree = "<group>"; };
		558500E224497F5F001A09B1 /* XSMapViewController.m */ = {isa = PBXFileReference; fileEncoding = 4; lastKnownFileType = sourcecode.c.objc; path = XSMapViewController.m; sourceTree = "<group>"; };
		558500E424497F5F001A09B1 /* XSHouseSubSuccessViewController.h */ = {isa = PBXFileReference; fileEncoding = 4; lastKnownFileType = sourcecode.c.h; path = XSHouseSubSuccessViewController.h; sourceTree = "<group>"; };
		558500E524497F5F001A09B1 /* XSHouseSubSuccessViewController.xib */ = {isa = PBXFileReference; fileEncoding = 4; lastKnownFileType = file.xib; path = XSHouseSubSuccessViewController.xib; sourceTree = "<group>"; };
		558500E624497F5F001A09B1 /* XSHouseSubSuccessViewController.m */ = {isa = PBXFileReference; fileEncoding = 4; lastKnownFileType = sourcecode.c.objc; path = XSHouseSubSuccessViewController.m; sourceTree = "<group>"; };
		558500E824497F5F001A09B1 /* XSImagesViewController.m */ = {isa = PBXFileReference; fileEncoding = 4; lastKnownFileType = sourcecode.c.objc; path = XSImagesViewController.m; sourceTree = "<group>"; };
		558500E924497F5F001A09B1 /* XSImagesTableViewCell.h */ = {isa = PBXFileReference; fileEncoding = 4; lastKnownFileType = sourcecode.c.h; path = XSImagesTableViewCell.h; sourceTree = "<group>"; };
		558500EA24497F5F001A09B1 /* XSImagesViewController.h */ = {isa = PBXFileReference; fileEncoding = 4; lastKnownFileType = sourcecode.c.h; path = XSImagesViewController.h; sourceTree = "<group>"; };
		558500EB24497F5F001A09B1 /* XSImagesTableViewCell.xib */ = {isa = PBXFileReference; fileEncoding = 4; lastKnownFileType = file.xib; path = XSImagesTableViewCell.xib; sourceTree = "<group>"; };
		558500EC24497F5F001A09B1 /* XSImagesTableViewCell.m */ = {isa = PBXFileReference; fileEncoding = 4; lastKnownFileType = sourcecode.c.objc; path = XSImagesTableViewCell.m; sourceTree = "<group>"; };
		558500EE24497F5F001A09B1 /* JHCollectionViewFlowLayout.h */ = {isa = PBXFileReference; fileEncoding = 4; lastKnownFileType = sourcecode.c.h; path = JHCollectionViewFlowLayout.h; sourceTree = "<group>"; };
		558500EF24497F5F001A09B1 /* XSPageViewController.m */ = {isa = PBXFileReference; fileEncoding = 4; lastKnownFileType = sourcecode.c.objc; path = XSPageViewController.m; sourceTree = "<group>"; };
		558500F024497F5F001A09B1 /* JHCollectionViewFlowLayout.m */ = {isa = PBXFileReference; fileEncoding = 4; lastKnownFileType = sourcecode.c.objc; path = JHCollectionViewFlowLayout.m; sourceTree = "<group>"; };
		558500F124497F5F001A09B1 /* XSPageViewController.h */ = {isa = PBXFileReference; fileEncoding = 4; lastKnownFileType = sourcecode.c.h; path = XSPageViewController.h; sourceTree = "<group>"; };
		558500F324497F5F001A09B1 /* XSDoorTableViewCell.xib */ = {isa = PBXFileReference; fileEncoding = 4; lastKnownFileType = file.xib; path = XSDoorTableViewCell.xib; sourceTree = "<group>"; };
		558500F424497F5F001A09B1 /* XSDoorViewController.h */ = {isa = PBXFileReference; fileEncoding = 4; lastKnownFileType = sourcecode.c.h; path = XSDoorViewController.h; sourceTree = "<group>"; };
		558500F524497F5F001A09B1 /* XSDoorCollectionViewCell.xib */ = {isa = PBXFileReference; fileEncoding = 4; lastKnownFileType = file.xib; path = XSDoorCollectionViewCell.xib; sourceTree = "<group>"; };
		558500F624497F5F001A09B1 /* XSDoorCollectionViewCell.h */ = {isa = PBXFileReference; fileEncoding = 4; lastKnownFileType = sourcecode.c.h; path = XSDoorCollectionViewCell.h; sourceTree = "<group>"; };
		558500F724497F5F001A09B1 /* XSDoorTableViewCell.m */ = {isa = PBXFileReference; fileEncoding = 4; lastKnownFileType = sourcecode.c.objc; path = XSDoorTableViewCell.m; sourceTree = "<group>"; };
		558500F824497F5F001A09B1 /* XSDoorCollectionViewCell.m */ = {isa = PBXFileReference; fileEncoding = 4; lastKnownFileType = sourcecode.c.objc; path = XSDoorCollectionViewCell.m; sourceTree = "<group>"; };
		558500F924497F5F001A09B1 /* XSDoorViewController.m */ = {isa = PBXFileReference; fileEncoding = 4; lastKnownFileType = sourcecode.c.objc; path = XSDoorViewController.m; sourceTree = "<group>"; };
		558500FA24497F5F001A09B1 /* XSDoorTableViewCell.h */ = {isa = PBXFileReference; fileEncoding = 4; lastKnownFileType = sourcecode.c.h; path = XSDoorTableViewCell.h; sourceTree = "<group>"; };
		558500FC24497F5F001A09B1 /* XSLPDTTableViewCell.m */ = {isa = PBXFileReference; fileEncoding = 4; lastKnownFileType = sourcecode.c.objc; path = XSLPDTTableViewCell.m; sourceTree = "<group>"; };
		558500FD24497F5F001A09B1 /* XSLPDTTableViewCell.xib */ = {isa = PBXFileReference; fileEncoding = 4; lastKnownFileType = file.xib; path = XSLPDTTableViewCell.xib; sourceTree = "<group>"; };
		558500FE24497F5F001A09B1 /* XSLPDTViewController.h */ = {isa = PBXFileReference; fileEncoding = 4; lastKnownFileType = sourcecode.c.h; path = XSLPDTViewController.h; sourceTree = "<group>"; };
		558500FF24497F5F001A09B1 /* XSLPDTTableViewCell.h */ = {isa = PBXFileReference; fileEncoding = 4; lastKnownFileType = sourcecode.c.h; path = XSLPDTTableViewCell.h; sourceTree = "<group>"; };
		5585010024497F5F001A09B1 /* XSLPDTViewController.m */ = {isa = PBXFileReference; fileEncoding = 4; lastKnownFileType = sourcecode.c.objc; path = XSLPDTViewController.m; sourceTree = "<group>"; };
		5585010224497F5F001A09B1 /* XSHouseDetailsController.xib */ = {isa = PBXFileReference; fileEncoding = 4; lastKnownFileType = file.xib; path = XSHouseDetailsController.xib; sourceTree = "<group>"; };
		5585010324497F5F001A09B1 /* XSHouseDetailsController.m */ = {isa = PBXFileReference; fileEncoding = 4; lastKnownFileType = sourcecode.c.objc; path = XSHouseDetailsController.m; sourceTree = "<group>"; };
		5585010424497F5F001A09B1 /* XSHouseSubmitFirstViewController.m */ = {isa = PBXFileReference; fileEncoding = 4; lastKnownFileType = sourcecode.c.objc; path = XSHouseSubmitFirstViewController.m; sourceTree = "<group>"; };
		5585010524497F5F001A09B1 /* XSHouseModuleViewController.h */ = {isa = PBXFileReference; fileEncoding = 4; lastKnownFileType = sourcecode.c.h; path = XSHouseModuleViewController.h; sourceTree = "<group>"; };
		5585010624497F5F001A09B1 /* XSMyPublishHosueController.h */ = {isa = PBXFileReference; fileEncoding = 4; lastKnownFileType = sourcecode.c.h; path = XSMyPublishHosueController.h; sourceTree = "<group>"; };
		5585010724497F5F001A09B1 /* XSHouseSubmitFirstViewController.xib */ = {isa = PBXFileReference; fileEncoding = 4; lastKnownFileType = file.xib; path = XSHouseSubmitFirstViewController.xib; sourceTree = "<group>"; };
		5585010824497F5F001A09B1 /* XSHouseDetailsController.h */ = {isa = PBXFileReference; fileEncoding = 4; lastKnownFileType = sourcecode.c.h; path = XSHouseDetailsController.h; sourceTree = "<group>"; };
		5585010924497F5F001A09B1 /* XSHouseSubmitFirstViewController.h */ = {isa = PBXFileReference; fileEncoding = 4; lastKnownFileType = sourcecode.c.h; path = XSHouseSubmitFirstViewController.h; sourceTree = "<group>"; };
		5585010A24497F5F001A09B1 /* XSHouseModuleViewController.m */ = {isa = PBXFileReference; fileEncoding = 4; lastKnownFileType = sourcecode.c.objc; path = XSHouseModuleViewController.m; sourceTree = "<group>"; };
		5585010B24497F5F001A09B1 /* XSHouseModuleViewController.xib */ = {isa = PBXFileReference; fileEncoding = 4; lastKnownFileType = file.xib; path = XSHouseModuleViewController.xib; sourceTree = "<group>"; };
		5585010C24497F5F001A09B1 /* XSMyPublishHosueController.m */ = {isa = PBXFileReference; fileEncoding = 4; lastKnownFileType = sourcecode.c.objc; path = XSMyPublishHosueController.m; sourceTree = "<group>"; };
		5585010F24497F5F001A09B1 /* XSNewHouseDetailsInfo.json */ = {isa = PBXFileReference; fileEncoding = 4; lastKnownFileType = text.json; path = XSNewHouseDetailsInfo.json; sourceTree = "<group>"; };
		5585011024497F5F001A09B1 /* XSRentHouseDetailsInfo.json */ = {isa = PBXFileReference; fileEncoding = 4; lastKnownFileType = text.json; path = XSRentHouseDetailsInfo.json; sourceTree = "<group>"; };
		5585011124497F5F001A09B1 /* XSSecondHouseDetailsInfo.json */ = {isa = PBXFileReference; fileEncoding = 4; lastKnownFileType = text.json; path = XSSecondHouseDetailsInfo.json; sourceTree = "<group>"; };
		5585011224497F5F001A09B1 /* XSHouseInfo.json */ = {isa = PBXFileReference; fileEncoding = 4; lastKnownFileType = text.json; path = XSHouseInfo.json; sourceTree = "<group>"; };
		5585011424497F5F001A09B1 /* XSRentHouseInfoB.json */ = {isa = PBXFileReference; fileEncoding = 4; lastKnownFileType = text.json; path = XSRentHouseInfoB.json; sourceTree = "<group>"; };
		5585011624497F5F001A09B1 /* XSSellHouseInfoFirst.json */ = {isa = PBXFileReference; fileEncoding = 4; lastKnownFileType = text.json; path = XSSellHouseInfoFirst.json; sourceTree = "<group>"; };
		5585011724497F5F001A09B1 /* XSSellHouseInfoSecond.json */ = {isa = PBXFileReference; fileEncoding = 4; lastKnownFileType = text.json; path = XSSellHouseInfoSecond.json; sourceTree = "<group>"; };
		5585011824497F5F001A09B1 /* XSSellHouseInfoThird.json */ = {isa = PBXFileReference; fileEncoding = 4; lastKnownFileType = text.json; path = XSSellHouseInfoThird.json; sourceTree = "<group>"; };
		5585011924497F5F001A09B1 /* XSHouseSearch.json */ = {isa = PBXFileReference; fileEncoding = 4; lastKnownFileType = text.json; path = XSHouseSearch.json; sourceTree = "<group>"; };
		5585011B24497F5F001A09B1 /* XSRentHouseInfoSecond.json */ = {isa = PBXFileReference; fileEncoding = 4; lastKnownFileType = text.json; path = XSRentHouseInfoSecond.json; sourceTree = "<group>"; };
		5585011C24497F5F001A09B1 /* XSRentHouseInfoFirst.json */ = {isa = PBXFileReference; fileEncoding = 4; lastKnownFileType = text.json; path = XSRentHouseInfoFirst.json; sourceTree = "<group>"; };
		5585011D24497F5F001A09B1 /* XSRentHouseInfoThird.json */ = {isa = PBXFileReference; fileEncoding = 4; lastKnownFileType = text.json; path = XSRentHouseInfoThird.json; sourceTree = "<group>"; };
		5585011F24497F5F001A09B1 /* XSHouseEnum.h */ = {isa = PBXFileReference; fileEncoding = 4; lastKnownFileType = sourcecode.c.h; path = XSHouseEnum.h; sourceTree = "<group>"; };
		5585012024497F5F001A09B1 /* XSHouseSubMitModel.m */ = {isa = PBXFileReference; fileEncoding = 4; lastKnownFileType = sourcecode.c.objc; path = XSHouseSubMitModel.m; sourceTree = "<group>"; };
		5585012124497F5F001A09B1 /* XSHouseDetailsModel.h */ = {isa = PBXFileReference; fileEncoding = 4; lastKnownFileType = sourcecode.c.h; path = XSHouseDetailsModel.h; sourceTree = "<group>"; };
		5585012224497F5F001A09B1 /* XSPublicServer.h */ = {isa = PBXFileReference; fileEncoding = 4; lastKnownFileType = sourcecode.c.h; path = XSPublicServer.h; sourceTree = "<group>"; };
		5585012324497F5F001A09B1 /* XSBaseServer.h */ = {isa = PBXFileReference; fileEncoding = 4; lastKnownFileType = sourcecode.c.h; path = XSBaseServer.h; sourceTree = "<group>"; };
		5585012424497F5F001A09B1 /* XSHouseSubMitServer.m */ = {isa = PBXFileReference; fileEncoding = 4; lastKnownFileType = sourcecode.c.objc; path = XSHouseSubMitServer.m; sourceTree = "<group>"; };
		5585012524497F5F001A09B1 /* XSHouseInfoShowModel.h */ = {isa = PBXFileReference; fileEncoding = 4; lastKnownFileType = sourcecode.c.h; path = XSHouseInfoShowModel.h; sourceTree = "<group>"; };
		5585012624497F5F001A09B1 /* XSPublicServer.m */ = {isa = PBXFileReference; fileEncoding = 4; lastKnownFileType = sourcecode.c.objc; path = XSPublicServer.m; sourceTree = "<group>"; };
		5585012724497F5F001A09B1 /* XSHouseDetailsModel.m */ = {isa = PBXFileReference; fileEncoding = 4; lastKnownFileType = sourcecode.c.objc; path = XSHouseDetailsModel.m; sourceTree = "<group>"; };
		5585012824497F5F001A09B1 /* XSHouseSubMitModel.h */ = {isa = PBXFileReference; fileEncoding = 4; lastKnownFileType = sourcecode.c.h; path = XSHouseSubMitModel.h; sourceTree = "<group>"; };
		5585012924497F5F001A09B1 /* XSHouseInfoShowModel.m */ = {isa = PBXFileReference; fileEncoding = 4; lastKnownFileType = sourcecode.c.objc; path = XSHouseInfoShowModel.m; sourceTree = "<group>"; };
		5585012A24497F5F001A09B1 /* XSHouseSubMitServer.h */ = {isa = PBXFileReference; fileEncoding = 4; lastKnownFileType = sourcecode.c.h; path = XSHouseSubMitServer.h; sourceTree = "<group>"; };
		5585012B24497F5F001A09B1 /* XSBaseServer.m */ = {isa = PBXFileReference; fileEncoding = 4; lastKnownFileType = sourcecode.c.objc; path = XSBaseServer.m; sourceTree = "<group>"; };
		5585012C24497F5F001A09B1 /* XSPrefixHeader.pch */ = {isa = PBXFileReference; fileEncoding = 4; lastKnownFileType = sourcecode.c.h; path = XSPrefixHeader.pch; sourceTree = "<group>"; };
		5585012E24497F5F001A09B1 /* XSHouseInfoShowCell.h */ = {isa = PBXFileReference; fileEncoding = 4; lastKnownFileType = sourcecode.c.h; path = XSHouseInfoShowCell.h; sourceTree = "<group>"; };
		5585012F24497F5F001A09B1 /* XSHouseSubTableViewCell.m */ = {isa = PBXFileReference; fileEncoding = 4; lastKnownFileType = sourcecode.c.objc; path = XSHouseSubTableViewCell.m; sourceTree = "<group>"; };
		5585013024497F5F001A09B1 /* XSHouseInfoShowCell.xib */ = {isa = PBXFileReference; fileEncoding = 4; lastKnownFileType = file.xib; path = XSHouseInfoShowCell.xib; sourceTree = "<group>"; };
		5585013124497F5F001A09B1 /* XSHouseInfoShowCell.m */ = {isa = PBXFileReference; fileEncoding = 4; lastKnownFileType = sourcecode.c.objc; path = XSHouseInfoShowCell.m; sourceTree = "<group>"; };
		5585013324497F5F001A09B1 /* XSHouseInfoTableView.m */ = {isa = PBXFileReference; fileEncoding = 4; lastKnownFileType = sourcecode.c.objc; path = XSHouseInfoTableView.m; sourceTree = "<group>"; };
		5585013424497F5F001A09B1 /* XSCollectionView.h */ = {isa = PBXFileReference; fileEncoding = 4; lastKnownFileType = sourcecode.c.h; path = XSCollectionView.h; sourceTree = "<group>"; };
		5585013524497F5F001A09B1 /* XSLocationSearchview.m */ = {isa = PBXFileReference; fileEncoding = 4; lastKnownFileType = sourcecode.c.objc; path = XSLocationSearchview.m; sourceTree = "<group>"; };
		5585013624497F5F001A09B1 /* XSHouseMasterInfoView.m */ = {isa = PBXFileReference; fileEncoding = 4; lastKnownFileType = sourcecode.c.objc; path = XSHouseMasterInfoView.m; sourceTree = "<group>"; };
		5585013724497F5F001A09B1 /* XSRegionSearchView.m */ = {isa = PBXFileReference; fileEncoding = 4; lastKnownFileType = sourcecode.c.objc; path = XSRegionSearchView.m; sourceTree = "<group>"; };
		5585013F24497F5F001A09B1 /* XSHouseRentStatusView.h */ = {isa = PBXFileReference; fileEncoding = 4; lastKnownFileType = sourcecode.c.h; path = XSHouseRentStatusView.h; sourceTree = "<group>"; };
		5585014024497F5F001A09B1 /* XSPhotoPickerView.h */ = {isa = PBXFileReference; fileEncoding = 4; lastKnownFileType = sourcecode.c.h; path = XSPhotoPickerView.h; sourceTree = "<group>"; };
		5585014124497F5F001A09B1 /* XSRoundedView.h */ = {isa = PBXFileReference; fileEncoding = 4; lastKnownFileType = sourcecode.c.h; path = XSRoundedView.h; sourceTree = "<group>"; };
		5585014224497F5F001A09B1 /* XSLocationSearchview.h */ = {isa = PBXFileReference; fileEncoding = 4; lastKnownFileType = sourcecode.c.h; path = XSLocationSearchview.h; sourceTree = "<group>"; };
		5585014324497F5F001A09B1 /* XSCollectionView.m */ = {isa = PBXFileReference; fileEncoding = 4; lastKnownFileType = sourcecode.c.objc; path = XSCollectionView.m; sourceTree = "<group>"; };
		5585014424497F5F001A09B1 /* XSHouseInfoTableView.h */ = {isa = PBXFileReference; fileEncoding = 4; lastKnownFileType = sourcecode.c.h; path = XSHouseInfoTableView.h; sourceTree = "<group>"; };
		5585014524497F5F001A09B1 /* XSHouseMasterInfoView.xib */ = {isa = PBXFileReference; fileEncoding = 4; lastKnownFileType = file.xib; path = XSHouseMasterInfoView.xib; sourceTree = "<group>"; };
		5585014624497F5F001A09B1 /* XSRegionSearchView.h */ = {isa = PBXFileReference; fileEncoding = 4; lastKnownFileType = sourcecode.c.h; path = XSRegionSearchView.h; sourceTree = "<group>"; };
		5585014724497F5F001A09B1 /* XSHouseMasterInfoView.h */ = {isa = PBXFileReference; fileEncoding = 4; lastKnownFileType = sourcecode.c.h; path = XSHouseMasterInfoView.h; sourceTree = "<group>"; };
		5585014824497F5F001A09B1 /* XSRoundedView.m */ = {isa = PBXFileReference; fileEncoding = 4; lastKnownFileType = sourcecode.c.objc; path = XSRoundedView.m; sourceTree = "<group>"; };
		5585014924497F5F001A09B1 /* XSPhotoPickerView.m */ = {isa = PBXFileReference; fileEncoding = 4; lastKnownFileType = sourcecode.c.objc; path = XSPhotoPickerView.m; sourceTree = "<group>"; };
		5585014A24497F5F001A09B1 /* XSHouseRentStatusView.m */ = {isa = PBXFileReference; fileEncoding = 4; lastKnownFileType = sourcecode.c.objc; path = XSHouseRentStatusView.m; sourceTree = "<group>"; };
		5585014B24497F5F001A09B1 /* XSSearchConditionalView.xib */ = {isa = PBXFileReference; fileEncoding = 4; lastKnownFileType = file.xib; path = XSSearchConditionalView.xib; sourceTree = "<group>"; };
		5585014C24497F5F001A09B1 /* XSPhotoPickerView.xib */ = {isa = PBXFileReference; fileEncoding = 4; lastKnownFileType = file.xib; path = XSPhotoPickerView.xib; sourceTree = "<group>"; };
		5585014D24497F5F001A09B1 /* XSLocationSearchview.xib */ = {isa = PBXFileReference; fileEncoding = 4; lastKnownFileType = file.xib; path = XSLocationSearchview.xib; sourceTree = "<group>"; };
		5585014E24497F5F001A09B1 /* XSHouseSubTableViewCell.xib */ = {isa = PBXFileReference; fileEncoding = 4; lastKnownFileType = file.xib; path = XSHouseSubTableViewCell.xib; sourceTree = "<group>"; };
		5585014F24497F5F001A09B1 /* XSHouseSubTableViewCell.h */ = {isa = PBXFileReference; fileEncoding = 4; lastKnownFileType = sourcecode.c.h; path = XSHouseSubTableViewCell.h; sourceTree = "<group>"; };
		5585FED5244972C4001A09B1 /* HomePageViewController.xib */ = {isa = PBXFileReference; fileEncoding = 4; lastKnownFileType = file.xib; path = HomePageViewController.xib; sourceTree = "<group>"; };
		5585FED6244972C4001A09B1 /* HomePageViewController.m */ = {isa = PBXFileReference; fileEncoding = 4; lastKnownFileType = sourcecode.c.objc; path = HomePageViewController.m; sourceTree = "<group>"; };
		5585FED7244972C4001A09B1 /* HomePageViewController.h */ = {isa = PBXFileReference; fileEncoding = 4; lastKnownFileType = sourcecode.c.h; path = HomePageViewController.h; sourceTree = "<group>"; };
		5585FED9244972C4001A09B1 /* MyInfoViewController.xib */ = {isa = PBXFileReference; fileEncoding = 4; lastKnownFileType = file.xib; path = MyInfoViewController.xib; sourceTree = "<group>"; };
		5585FEDA244972C4001A09B1 /* MyInfoViewController.m */ = {isa = PBXFileReference; fileEncoding = 4; lastKnownFileType = sourcecode.c.objc; path = MyInfoViewController.m; sourceTree = "<group>"; };
		5585FEDB244972C4001A09B1 /* MyInfoViewController.h */ = {isa = PBXFileReference; fileEncoding = 4; lastKnownFileType = sourcecode.c.h; path = MyInfoViewController.h; sourceTree = "<group>"; };
		5585FEDC244972C4001A09B1 /* fangdinghui.cer */ = {isa = PBXFileReference; lastKnownFileType = file; path = fangdinghui.cer; sourceTree = "<group>"; };
		5585FEDE244972C4001A09B1 /* XSNetworkInterface.h */ = {isa = PBXFileReference; fileEncoding = 4; lastKnownFileType = sourcecode.c.h; path = XSNetworkInterface.h; sourceTree = "<group>"; };
		5585FEDF244972C4001A09B1 /* XShouseSubNetworkInterface.m */ = {isa = PBXFileReference; fileEncoding = 4; lastKnownFileType = sourcecode.c.objc; path = XShouseSubNetworkInterface.m; sourceTree = "<group>"; };
		5585FEE0244972C4001A09B1 /* XSOperationParam.h */ = {isa = PBXFileReference; fileEncoding = 4; lastKnownFileType = sourcecode.c.h; path = XSOperationParam.h; sourceTree = "<group>"; };
		5585FEE1244972C4001A09B1 /* XSHouseBunnerModel.h */ = {isa = PBXFileReference; fileEncoding = 4; lastKnownFileType = sourcecode.c.h; path = XSHouseBunnerModel.h; sourceTree = "<group>"; };
		5585FEE2244972C4001A09B1 /* XSUserInfoInterface.m */ = {isa = PBXFileReference; fileEncoding = 4; lastKnownFileType = sourcecode.c.objc; path = XSUserInfoInterface.m; sourceTree = "<group>"; };
		5585FEE3244972C4001A09B1 /* XShouseSubNetworkInterface.h */ = {isa = PBXFileReference; fileEncoding = 4; lastKnownFileType = sourcecode.c.h; path = XShouseSubNetworkInterface.h; sourceTree = "<group>"; };
		5585FEE4244972C4001A09B1 /* XSNetworkInterface.m */ = {isa = PBXFileReference; fileEncoding = 4; lastKnownFileType = sourcecode.c.objc; path = XSNetworkInterface.m; sourceTree = "<group>"; };
		5585FEE5244972C4001A09B1 /* XSUserInfoInterface.h */ = {isa = PBXFileReference; fileEncoding = 4; lastKnownFileType = sourcecode.c.h; path = XSUserInfoInterface.h; sourceTree = "<group>"; };
		5585FEE6244972C4001A09B1 /* XSOperationParam.m */ = {isa = PBXFileReference; fileEncoding = 4; lastKnownFileType = sourcecode.c.objc; path = XSOperationParam.m; sourceTree = "<group>"; };
		5585FEE7244972C4001A09B1 /* XSHouseBunnerModel.m */ = {isa = PBXFileReference; fileEncoding = 4; lastKnownFileType = sourcecode.c.objc; path = XSHouseBunnerModel.m; sourceTree = "<group>"; };
		5585FEEA244972C4001A09B1 /* NSDictionary+safe.h */ = {isa = PBXFileReference; fileEncoding = 4; lastKnownFileType = sourcecode.c.h; path = "NSDictionary+safe.h"; sourceTree = "<group>"; };
		5585FEEB244972C4001A09B1 /* NSDictionary+safe.m */ = {isa = PBXFileReference; fileEncoding = 4; lastKnownFileType = sourcecode.c.objc; path = "NSDictionary+safe.m"; sourceTree = "<group>"; };
		5585FEED244972C4001A09B1 /* UIView+HBExtension.h */ = {isa = PBXFileReference; fileEncoding = 4; lastKnownFileType = sourcecode.c.h; path = "UIView+HBExtension.h"; sourceTree = "<group>"; };
		5585FEEE244972C4001A09B1 /* UIView+HBExtension.m */ = {isa = PBXFileReference; fileEncoding = 4; lastKnownFileType = sourcecode.c.objc; path = "UIView+HBExtension.m"; sourceTree = "<group>"; };
		5585FEEF244972C4001A09B1 /* HBCategory.h */ = {isa = PBXFileReference; fileEncoding = 4; lastKnownFileType = sourcecode.c.h; path = HBCategory.h; sourceTree = "<group>"; };
		5585FEF1244972C4001A09B1 /* PrintBeautifulLog.h */ = {isa = PBXFileReference; fileEncoding = 4; lastKnownFileType = sourcecode.c.h; path = PrintBeautifulLog.h; sourceTree = "<group>"; };
		5585FEF2244972C4001A09B1 /* NSMutableDictionary+safe.m */ = {isa = PBXFileReference; fileEncoding = 4; lastKnownFileType = sourcecode.c.objc; path = "NSMutableDictionary+safe.m"; sourceTree = "<group>"; };
		5585FEF3244972C4001A09B1 /* PrintBeautifulLog.m */ = {isa = PBXFileReference; fileEncoding = 4; lastKnownFileType = sourcecode.c.objc; path = PrintBeautifulLog.m; sourceTree = "<group>"; };
		5585FEF4244972C4001A09B1 /* NSMutableDictionary+safe.h */ = {isa = PBXFileReference; fileEncoding = 4; lastKnownFileType = sourcecode.c.h; path = "NSMutableDictionary+safe.h"; sourceTree = "<group>"; };
		5585FEF6244972C4001A09B1 /* NSArray+Category.m */ = {isa = PBXFileReference; fileEncoding = 4; lastKnownFileType = sourcecode.c.objc; path = "NSArray+Category.m"; sourceTree = "<group>"; };
		5585FEF7244972C4001A09B1 /* NSArray+safe.h */ = {isa = PBXFileReference; fileEncoding = 4; lastKnownFileType = sourcecode.c.h; path = "NSArray+safe.h"; sourceTree = "<group>"; };
		5585FEF8244972C4001A09B1 /* NSArray+Category.h */ = {isa = PBXFileReference; fileEncoding = 4; lastKnownFileType = sourcecode.c.h; path = "NSArray+Category.h"; sourceTree = "<group>"; };
		5585FEF9244972C4001A09B1 /* NSArray+safe.m */ = {isa = PBXFileReference; fileEncoding = 4; lastKnownFileType = sourcecode.c.objc; path = "NSArray+safe.m"; sourceTree = "<group>"; };
		5585FEFB244972C4001A09B1 /* NSMutableArray+safe.m */ = {isa = PBXFileReference; fileEncoding = 4; lastKnownFileType = sourcecode.c.objc; path = "NSMutableArray+safe.m"; sourceTree = "<group>"; };
		5585FEFC244972C4001A09B1 /* NSMutableArray+safe.h */ = {isa = PBXFileReference; fileEncoding = 4; lastKnownFileType = sourcecode.c.h; path = "NSMutableArray+safe.h"; sourceTree = "<group>"; };
		5585FEFE244972C4001A09B1 /* NSNumber+safe.h */ = {isa = PBXFileReference; fileEncoding = 4; lastKnownFileType = sourcecode.c.h; path = "NSNumber+safe.h"; sourceTree = "<group>"; };
		5585FEFF244972C4001A09B1 /* NSNumber+safe.m */ = {isa = PBXFileReference; fileEncoding = 4; lastKnownFileType = sourcecode.c.objc; path = "NSNumber+safe.m"; sourceTree = "<group>"; };
		5585FF01244972C4001A09B1 /* NSObject+safe.m */ = {isa = PBXFileReference; fileEncoding = 4; lastKnownFileType = sourcecode.c.objc; path = "NSObject+safe.m"; sourceTree = "<group>"; };
		5585FF02244972C4001A09B1 /* NSObject+swizzle.m */ = {isa = PBXFileReference; fileEncoding = 4; lastKnownFileType = sourcecode.c.objc; path = "NSObject+swizzle.m"; sourceTree = "<group>"; };
		5585FF03244972C4001A09B1 /* NSObject+category.h */ = {isa = PBXFileReference; fileEncoding = 4; lastKnownFileType = sourcecode.c.h; path = "NSObject+category.h"; sourceTree = "<group>"; };
		5585FF04244972C4001A09B1 /* NSObject+HBNotification.m */ = {isa = PBXFileReference; fileEncoding = 4; lastKnownFileType = sourcecode.c.objc; path = "NSObject+HBNotification.m"; sourceTree = "<group>"; };
		5585FF05244972C4001A09B1 /* NSObject+PerformBlock.m */ = {isa = PBXFileReference; fileEncoding = 4; lastKnownFileType = sourcecode.c.objc; path = "NSObject+PerformBlock.m"; sourceTree = "<group>"; };
		5585FF06244972C4001A09B1 /* NSObject+swizzle.h */ = {isa = PBXFileReference; fileEncoding = 4; lastKnownFileType = sourcecode.c.h; path = "NSObject+swizzle.h"; sourceTree = "<group>"; };
		5585FF07244972C4001A09B1 /* NSObject+safe.h */ = {isa = PBXFileReference; fileEncoding = 4; lastKnownFileType = sourcecode.c.h; path = "NSObject+safe.h"; sourceTree = "<group>"; };
		5585FF08244972C4001A09B1 /* NSObject+HBNotification.h */ = {isa = PBXFileReference; fileEncoding = 4; lastKnownFileType = sourcecode.c.h; path = "NSObject+HBNotification.h"; sourceTree = "<group>"; };
		5585FF09244972C4001A09B1 /* NSObject+category.m */ = {isa = PBXFileReference; fileEncoding = 4; lastKnownFileType = sourcecode.c.objc; path = "NSObject+category.m"; sourceTree = "<group>"; };
		5585FF0A244972C4001A09B1 /* NSObject+PerformBlock.h */ = {isa = PBXFileReference; fileEncoding = 4; lastKnownFileType = sourcecode.c.h; path = "NSObject+PerformBlock.h"; sourceTree = "<group>"; };
		5585FF0C244972C4001A09B1 /* NSMutableString+safe.h */ = {isa = PBXFileReference; fileEncoding = 4; lastKnownFileType = sourcecode.c.h; path = "NSMutableString+safe.h"; sourceTree = "<group>"; };
		5585FF0D244972C4001A09B1 /* NSMutableString+safe.m */ = {isa = PBXFileReference; fileEncoding = 4; lastKnownFileType = sourcecode.c.objc; path = "NSMutableString+safe.m"; sourceTree = "<group>"; };
		5585FF0F244972C4001A09B1 /* NSDate+Category.m */ = {isa = PBXFileReference; fileEncoding = 4; lastKnownFileType = sourcecode.c.objc; path = "NSDate+Category.m"; sourceTree = "<group>"; };
		5585FF10244972C4001A09B1 /* NSDate+Category.h */ = {isa = PBXFileReference; fileEncoding = 4; lastKnownFileType = sourcecode.c.h; path = "NSDate+Category.h"; sourceTree = "<group>"; };
		5585FF11244972C4001A09B1 /* Assets.xcassets */ = {isa = PBXFileReference; lastKnownFileType = folder.assetcatalog; path = Assets.xcassets; sourceTree = "<group>"; };
		5585FF13244972C4001A09B1 /* MessageViewController.m */ = {isa = PBXFileReference; fileEncoding = 4; lastKnownFileType = sourcecode.c.objc; path = MessageViewController.m; sourceTree = "<group>"; };
		5585FF14244972C4001A09B1 /* MessageViewController.h */ = {isa = PBXFileReference; fileEncoding = 4; lastKnownFileType = sourcecode.c.h; path = MessageViewController.h; sourceTree = "<group>"; };
		5585FF16244972C4001A09B1 /* Base */ = {isa = PBXFileReference; lastKnownFileType = file.storyboard; name = Base; path = Base.lproj/LaunchScreen.storyboard; sourceTree = "<group>"; };
		5585FF17244972C4001A09B1 /* Main.storyboard */ = {isa = PBXFileReference; fileEncoding = 4; lastKnownFileType = file.storyboard; path = Main.storyboard; sourceTree = "<group>"; };
		5585FF8D244972C4001A09B1 /* XSBaseViewController.m */ = {isa = PBXFileReference; fileEncoding = 4; lastKnownFileType = sourcecode.c.objc; path = XSBaseViewController.m; sourceTree = "<group>"; };
		5585FF8E244972C4001A09B1 /* XSBaseTableViewCell.h */ = {isa = PBXFileReference; fileEncoding = 4; lastKnownFileType = sourcecode.c.h; path = XSBaseTableViewCell.h; sourceTree = "<group>"; };
		5585FF8F244972C4001A09B1 /* XSBaseNavViewController.m */ = {isa = PBXFileReference; fileEncoding = 4; lastKnownFileType = sourcecode.c.objc; path = XSBaseNavViewController.m; sourceTree = "<group>"; };
		5585FF90244972C4001A09B1 /* XSBaseTableViewCell.m */ = {isa = PBXFileReference; fileEncoding = 4; lastKnownFileType = sourcecode.c.objc; path = XSBaseTableViewCell.m; sourceTree = "<group>"; };
		5585FF91244972C4001A09B1 /* XSBaseNavViewController.h */ = {isa = PBXFileReference; fileEncoding = 4; lastKnownFileType = sourcecode.c.h; path = XSBaseNavViewController.h; sourceTree = "<group>"; };
		5585FF92244972C4001A09B1 /* XSBaseViewController.h */ = {isa = PBXFileReference; fileEncoding = 4; lastKnownFileType = sourcecode.c.h; path = XSBaseViewController.h; sourceTree = "<group>"; };
		5585FF93244972C4001A09B1 /* main.m */ = {isa = PBXFileReference; fileEncoding = 4; lastKnownFileType = sourcecode.c.objc; path = main.m; sourceTree = "<group>"; };
		5585FF95244972C4001A09B1 /* FindHouseViewController.h */ = {isa = PBXFileReference; fileEncoding = 4; lastKnownFileType = sourcecode.c.h; path = FindHouseViewController.h; sourceTree = "<group>"; };
		5585FF96244972C4001A09B1 /* FindHouseViewController.m */ = {isa = PBXFileReference; fileEncoding = 4; lastKnownFileType = sourcecode.c.objc; path = FindHouseViewController.m; sourceTree = "<group>"; };
		5585FF98244972C4001A09B1 /* AppDelegate.h */ = {isa = PBXFileReference; fileEncoding = 4; lastKnownFileType = sourcecode.c.h; path = AppDelegate.h; sourceTree = "<group>"; };
		5585FF99244972C4001A09B1 /* XSTabBarViewController.h */ = {isa = PBXFileReference; fileEncoding = 4; lastKnownFileType = sourcecode.c.h; path = XSTabBarViewController.h; sourceTree = "<group>"; };
		5585FF9A244972C4001A09B1 /* ViewController.m */ = {isa = PBXFileReference; fileEncoding = 4; lastKnownFileType = sourcecode.c.objc; path = ViewController.m; sourceTree = "<group>"; };
		5585FF9B244972C4001A09B1 /* SceneDelegate.m */ = {isa = PBXFileReference; fileEncoding = 4; lastKnownFileType = sourcecode.c.objc; path = SceneDelegate.m; sourceTree = "<group>"; };
		5585FF9C244972C4001A09B1 /* XSNavViewController.h */ = {isa = PBXFileReference; fileEncoding = 4; lastKnownFileType = sourcecode.c.h; path = XSNavViewController.h; sourceTree = "<group>"; };
		5585FF9D244972C4001A09B1 /* AppDelegate.m */ = {isa = PBXFileReference; fileEncoding = 4; lastKnownFileType = sourcecode.c.objc; path = AppDelegate.m; sourceTree = "<group>"; };
		5585FF9E244972C4001A09B1 /* XSTabBarViewController.m */ = {isa = PBXFileReference; fileEncoding = 4; lastKnownFileType = sourcecode.c.objc; path = XSTabBarViewController.m; sourceTree = "<group>"; };
		5585FF9F244972C4001A09B1 /* XSNavViewController.m */ = {isa = PBXFileReference; fileEncoding = 4; lastKnownFileType = sourcecode.c.objc; path = XSNavViewController.m; sourceTree = "<group>"; };
		5585FFA0244972C4001A09B1 /* ViewController.h */ = {isa = PBXFileReference; fileEncoding = 4; lastKnownFileType = sourcecode.c.h; path = ViewController.h; sourceTree = "<group>"; };
		5585FFA1244972C4001A09B1 /* SceneDelegate.h */ = {isa = PBXFileReference; fileEncoding = 4; lastKnownFileType = sourcecode.c.h; path = SceneDelegate.h; sourceTree = "<group>"; };
		5585FFA3244972C4001A09B1 /* XSUserLogInModel.h */ = {isa = PBXFileReference; fileEncoding = 4; lastKnownFileType = sourcecode.c.h; path = XSUserLogInModel.h; sourceTree = "<group>"; };
		5585FFA4244972C4001A09B1 /* XSLogInVcModel.m */ = {isa = PBXFileReference; fileEncoding = 4; lastKnownFileType = sourcecode.c.objc; path = XSLogInVcModel.m; sourceTree = "<group>"; };
		5585FFA6244972C4001A09B1 /* XSLoginViewController.m */ = {isa = PBXFileReference; fileEncoding = 4; lastKnownFileType = sourcecode.c.objc; path = XSLoginViewController.m; sourceTree = "<group>"; };
		5585FFA7244972C4001A09B1 /* XSUserServer.h */ = {isa = PBXFileReference; fileEncoding = 4; lastKnownFileType = sourcecode.c.h; path = XSUserServer.h; sourceTree = "<group>"; };
		5585FFA8244972C4001A09B1 /* XSUserLogInModel.m */ = {isa = PBXFileReference; fileEncoding = 4; lastKnownFileType = sourcecode.c.objc; path = XSUserLogInModel.m; sourceTree = "<group>"; };
		5585FFAA244972C4001A09B1 /* XSLogInVcModel.h */ = {isa = PBXFileReference; fileEncoding = 4; lastKnownFileType = sourcecode.c.h; path = XSLogInVcModel.h; sourceTree = "<group>"; };
		5585FFAB244972C4001A09B1 /* XSLoginViewController.xib */ = {isa = PBXFileReference; fileEncoding = 4; lastKnownFileType = file.xib; path = XSLoginViewController.xib; sourceTree = "<group>"; };
		5585FFAC244972C4001A09B1 /* XSUserServer.m */ = {isa = PBXFileReference; fileEncoding = 4; lastKnownFileType = sourcecode.c.objc; path = XSUserServer.m; sourceTree = "<group>"; };
		5585FFAD244972C4001A09B1 /* XSLoginViewController.h */ = {isa = PBXFileReference; fileEncoding = 4; lastKnownFileType = sourcecode.c.h; path = XSLoginViewController.h; sourceTree = "<group>"; };
		5585FFAE244972C4001A09B1 /* Info.plist */ = {isa = PBXFileReference; fileEncoding = 4; lastKnownFileType = text.plist.xml; path = Info.plist; sourceTree = "<group>"; };
		66F014AFFCE6A143AA113285 /* Pods-XSHouseLease.debug.xcconfig */ = {isa = PBXFileReference; includeInIndex = 1; lastKnownFileType = text.xcconfig; name = "Pods-XSHouseLease.debug.xcconfig"; path = "Target Support Files/Pods-XSHouseLease/Pods-XSHouseLease.debug.xcconfig"; sourceTree = "<group>"; };
		6C6BC146241FA75300B62001 /* 房鼎汇.app */ = {isa = PBXFileReference; explicitFileType = wrapper.application; includeInIndex = 0; path = "房鼎汇.app"; sourceTree = BUILT_PRODUCTS_DIR; };
		854FDABF6045260FA4A570E3 /* Pods-XSHouseLease.release.xcconfig */ = {isa = PBXFileReference; includeInIndex = 1; lastKnownFileType = text.xcconfig; name = "Pods-XSHouseLease.release.xcconfig"; path = "Target Support Files/Pods-XSHouseLease/Pods-XSHouseLease.release.xcconfig"; sourceTree = "<group>"; };
/* End PBXFileReference section */

/* Begin PBXFrameworksBuildPhase section */
		6C6BC143241FA75300B62001 /* Frameworks */ = {
			isa = PBXFrameworksBuildPhase;
			buildActionMask = 2147483647;
			files = (
				9AC3A3F8DF5C36DD201ED436 /* libPods-XSHouseLease.a in Frameworks */,
			);
			runOnlyForDeploymentPostprocessing = 0;
		};
/* End PBXFrameworksBuildPhase section */

/* Begin PBXGroup section */
		21B2C1A32C64168368BA6C4D /* Pods */ = {
			isa = PBXGroup;
			children = (
				66F014AFFCE6A143AA113285 /* Pods-XSHouseLease.debug.xcconfig */,
				854FDABF6045260FA4A570E3 /* Pods-XSHouseLease.release.xcconfig */,
			);
			path = Pods;
			sourceTree = "<group>";
		};
		558500D724497F5F001A09B1 /* Project */ = {
			isa = PBXGroup;
			children = (
				5585011F24497F5F001A09B1 /* XSHouseEnum.h */,
				5585012C24497F5F001A09B1 /* XSPrefixHeader.pch */,
				5585010D24497F5F001A09B1 /* Json */,
				5585011E24497F5F001A09B1 /* Model */,
				5585012D24497F5F001A09B1 /* mainView */,
				5585010124497F5F001A09B1 /* Controller */,
				558500D824497F5F001A09B1 /* OtherController */,
			);
			path = Project;
			sourceTree = "<group>";
		};
		558500D824497F5F001A09B1 /* OtherController */ = {
			isa = PBXGroup;
			children = (
				558500ED24497F5F001A09B1 /* 基础 */,
				558500E024497F5F001A09B1 /* 地图 */,
				558500E324497F5F001A09B1 /* 发布成功 */,
				558500E724497F5F001A09B1 /* 楼盘相册 */,
				558500F224497F5F001A09B1 /* 户型列表 */,
				558500DC24497F5F001A09B1 /* 基本信息 */,
				558500FB24497F5F001A09B1 /* 楼盘动态 */,
				558500D924497F5F001A09B1 /* 搜索小区 */,
			);
			path = OtherController;
			sourceTree = "<group>";
		};
		558500D924497F5F001A09B1 /* 搜索小区 */ = {
			isa = PBXGroup;
			children = (
				558500DA24497F5F001A09B1 /* XSSearchEstateController.m */,
				558500DB24497F5F001A09B1 /* XSSearchEstateController.h */,
			);
			path = "搜索小区";
			sourceTree = "<group>";
		};
		558500DC24497F5F001A09B1 /* 基本信息 */ = {
			isa = PBXGroup;
			children = (
				558500DD24497F5F001A09B1 /* XSHouseIntroduceController.h */,
				558500DF24497F5F001A09B1 /* XSHouseIntroduceController.m */,
				558500DE24497F5F001A09B1 /* XSHouseIntroduceController.xib */,
			);
			path = "基本信息";
			sourceTree = "<group>";
		};
		558500E024497F5F001A09B1 /* 地图 */ = {
			isa = PBXGroup;
			children = (
				558500E124497F5F001A09B1 /* XSMapViewController.h */,
				558500E224497F5F001A09B1 /* XSMapViewController.m */,
			);
			path = "地图";
			sourceTree = "<group>";
		};
		558500E324497F5F001A09B1 /* 发布成功 */ = {
			isa = PBXGroup;
			children = (
				558500E424497F5F001A09B1 /* XSHouseSubSuccessViewController.h */,
				558500E624497F5F001A09B1 /* XSHouseSubSuccessViewController.m */,
				558500E524497F5F001A09B1 /* XSHouseSubSuccessViewController.xib */,
			);
			path = "发布成功";
			sourceTree = "<group>";
		};
		558500E724497F5F001A09B1 /* 楼盘相册 */ = {
			isa = PBXGroup;
			children = (
				558500E924497F5F001A09B1 /* XSImagesTableViewCell.h */,
				558500EC24497F5F001A09B1 /* XSImagesTableViewCell.m */,
				558500EB24497F5F001A09B1 /* XSImagesTableViewCell.xib */,
				558500EA24497F5F001A09B1 /* XSImagesViewController.h */,
				558500E824497F5F001A09B1 /* XSImagesViewController.m */,
			);
			path = "楼盘相册";
			sourceTree = "<group>";
		};
		558500ED24497F5F001A09B1 /* 基础 */ = {
			isa = PBXGroup;
			children = (
				558500EE24497F5F001A09B1 /* JHCollectionViewFlowLayout.h */,
				558500F024497F5F001A09B1 /* JHCollectionViewFlowLayout.m */,
				558500F124497F5F001A09B1 /* XSPageViewController.h */,
				558500EF24497F5F001A09B1 /* XSPageViewController.m */,
			);
			path = "基础";
			sourceTree = "<group>";
		};
		558500F224497F5F001A09B1 /* 户型列表 */ = {
			isa = PBXGroup;
			children = (
				558500F624497F5F001A09B1 /* XSDoorCollectionViewCell.h */,
				558500F824497F5F001A09B1 /* XSDoorCollectionViewCell.m */,
				558500F524497F5F001A09B1 /* XSDoorCollectionViewCell.xib */,
				558500FA24497F5F001A09B1 /* XSDoorTableViewCell.h */,
				558500F724497F5F001A09B1 /* XSDoorTableViewCell.m */,
				558500F324497F5F001A09B1 /* XSDoorTableViewCell.xib */,
				558500F424497F5F001A09B1 /* XSDoorViewController.h */,
				558500F924497F5F001A09B1 /* XSDoorViewController.m */,
			);
			path = "户型列表";
			sourceTree = "<group>";
		};
		558500FB24497F5F001A09B1 /* 楼盘动态 */ = {
			isa = PBXGroup;
			children = (
				558500FF24497F5F001A09B1 /* XSLPDTTableViewCell.h */,
				558500FC24497F5F001A09B1 /* XSLPDTTableViewCell.m */,
				558500FD24497F5F001A09B1 /* XSLPDTTableViewCell.xib */,
				558500FE24497F5F001A09B1 /* XSLPDTViewController.h */,
				5585010024497F5F001A09B1 /* XSLPDTViewController.m */,
			);
			path = "楼盘动态";
			sourceTree = "<group>";
		};
		5585010124497F5F001A09B1 /* Controller */ = {
			isa = PBXGroup;
			children = (
				5585010924497F5F001A09B1 /* XSHouseSubmitFirstViewController.h */,
				5585010424497F5F001A09B1 /* XSHouseSubmitFirstViewController.m */,
				5585010724497F5F001A09B1 /* XSHouseSubmitFirstViewController.xib */,
				5585010524497F5F001A09B1 /* XSHouseModuleViewController.h */,
				5585010A24497F5F001A09B1 /* XSHouseModuleViewController.m */,
				5585010B24497F5F001A09B1 /* XSHouseModuleViewController.xib */,
				5585010624497F5F001A09B1 /* XSMyPublishHosueController.h */,
				5585010C24497F5F001A09B1 /* XSMyPublishHosueController.m */,
				5585010824497F5F001A09B1 /* XSHouseDetailsController.h */,
				5585010324497F5F001A09B1 /* XSHouseDetailsController.m */,
				5585010224497F5F001A09B1 /* XSHouseDetailsController.xib */,
			);
			path = Controller;
			sourceTree = "<group>";
		};
		5585010D24497F5F001A09B1 /* Json */ = {
			isa = PBXGroup;
			children = (
				5585011224497F5F001A09B1 /* XSHouseInfo.json */,
				5585011924497F5F001A09B1 /* XSHouseSearch.json */,
				5585011A24497F5F001A09B1 /* 租房上传 */,
				5585011524497F5F001A09B1 /* 二手房上传 */,
				5585010E24497F5F001A09B1 /* 详情结构 */,
				5585011324497F5F001A09B1 /* 基础信息 */,
			);
			path = Json;
			sourceTree = "<group>";
		};
		5585010E24497F5F001A09B1 /* 详情结构 */ = {
			isa = PBXGroup;
			children = (
				5585010F24497F5F001A09B1 /* XSNewHouseDetailsInfo.json */,
				5585011024497F5F001A09B1 /* XSRentHouseDetailsInfo.json */,
				5585011124497F5F001A09B1 /* XSSecondHouseDetailsInfo.json */,
			);
			path = "详情结构";
			sourceTree = "<group>";
		};
		5585011324497F5F001A09B1 /* 基础信息 */ = {
			isa = PBXGroup;
			children = (
				5585011424497F5F001A09B1 /* XSRentHouseInfoB.json */,
			);
			path = "基础信息";
			sourceTree = "<group>";
		};
		5585011524497F5F001A09B1 /* 二手房上传 */ = {
			isa = PBXGroup;
			children = (
				5585011624497F5F001A09B1 /* XSSellHouseInfoFirst.json */,
				5585011724497F5F001A09B1 /* XSSellHouseInfoSecond.json */,
				5585011824497F5F001A09B1 /* XSSellHouseInfoThird.json */,
			);
			path = "二手房上传";
			sourceTree = "<group>";
		};
		5585011A24497F5F001A09B1 /* 租房上传 */ = {
			isa = PBXGroup;
			children = (
				5585011B24497F5F001A09B1 /* XSRentHouseInfoSecond.json */,
				5585011C24497F5F001A09B1 /* XSRentHouseInfoFirst.json */,
				5585011D24497F5F001A09B1 /* XSRentHouseInfoThird.json */,
			);
			path = "租房上传";
			sourceTree = "<group>";
		};
		5585011E24497F5F001A09B1 /* Model */ = {
			isa = PBXGroup;
			children = (
				5585012324497F5F001A09B1 /* XSBaseServer.h */,
				5585012B24497F5F001A09B1 /* XSBaseServer.m */,
				5585012224497F5F001A09B1 /* XSPublicServer.h */,
				5585012624497F5F001A09B1 /* XSPublicServer.m */,
				5585012A24497F5F001A09B1 /* XSHouseSubMitServer.h */,
				5585012424497F5F001A09B1 /* XSHouseSubMitServer.m */,
				5585012824497F5F001A09B1 /* XSHouseSubMitModel.h */,
				5585012024497F5F001A09B1 /* XSHouseSubMitModel.m */,
				5585012124497F5F001A09B1 /* XSHouseDetailsModel.h */,
				5585012724497F5F001A09B1 /* XSHouseDetailsModel.m */,
				5585012524497F5F001A09B1 /* XSHouseInfoShowModel.h */,
				5585012924497F5F001A09B1 /* XSHouseInfoShowModel.m */,
			);
			path = Model;
			sourceTree = "<group>";
		};
		5585012D24497F5F001A09B1 /* mainView */ = {
			isa = PBXGroup;
			children = (
				5585012E24497F5F001A09B1 /* XSHouseInfoShowCell.h */,
				5585013124497F5F001A09B1 /* XSHouseInfoShowCell.m */,
				5585013024497F5F001A09B1 /* XSHouseInfoShowCell.xib */,
				5585014F24497F5F001A09B1 /* XSHouseSubTableViewCell.h */,
				5585012F24497F5F001A09B1 /* XSHouseSubTableViewCell.m */,
				5585014E24497F5F001A09B1 /* XSHouseSubTableViewCell.xib */,
				5585013224497F5F001A09B1 /* subView */,
			);
			path = mainView;
			sourceTree = "<group>";
		};
		5585013224497F5F001A09B1 /* subView */ = {
			isa = PBXGroup;
			children = (
				5585013424497F5F001A09B1 /* XSCollectionView.h */,
				5585014324497F5F001A09B1 /* XSCollectionView.m */,
				5585014424497F5F001A09B1 /* XSHouseInfoTableView.h */,
				5585013324497F5F001A09B1 /* XSHouseInfoTableView.m */,
				5585014724497F5F001A09B1 /* XSHouseMasterInfoView.h */,
				5585013624497F5F001A09B1 /* XSHouseMasterInfoView.m */,
				5585014524497F5F001A09B1 /* XSHouseMasterInfoView.xib */,
				5585013F24497F5F001A09B1 /* XSHouseRentStatusView.h */,
				5585014A24497F5F001A09B1 /* XSHouseRentStatusView.m */,
				5585014224497F5F001A09B1 /* XSLocationSearchview.h */,
				5585013524497F5F001A09B1 /* XSLocationSearchview.m */,
				5585014D24497F5F001A09B1 /* XSLocationSearchview.xib */,
				5585014024497F5F001A09B1 /* XSPhotoPickerView.h */,
				5585014924497F5F001A09B1 /* XSPhotoPickerView.m */,
				5585014C24497F5F001A09B1 /* XSPhotoPickerView.xib */,
				5585014624497F5F001A09B1 /* XSRegionSearchView.h */,
				5585013724497F5F001A09B1 /* XSRegionSearchView.m */,
				5585014124497F5F001A09B1 /* XSRoundedView.h */,
				5585014824497F5F001A09B1 /* XSRoundedView.m */,
				5585014B24497F5F001A09B1 /* XSSearchConditionalView.xib */,
			);
			path = subView;
			sourceTree = "<group>";
		};
		5585FED3244972C4001A09B1 /* XSHouseLease */ = {
			isa = PBXGroup;
			children = (
				5585FF11244972C4001A09B1 /* Assets.xcassets */,
				5585FEDC244972C4001A09B1 /* fangdinghui.cer */,
				5585FFAE244972C4001A09B1 /* Info.plist */,
				5585FF15244972C4001A09B1 /* LaunchScreen.storyboard */,
				5585FF93244972C4001A09B1 /* main.m */,
				5585FF17244972C4001A09B1 /* Main.storyboard */,
				5585FF97244972C4001A09B1 /* Main */,
				5585FF8C244972C4001A09B1 /* BaseClass */,
				5585FEE8244972C4001A09B1 /* Category */,
				5585FEDD244972C4001A09B1 /* Interface */,
				5585FF94244972C4001A09B1 /* Find */,
				5585FED4244972C4001A09B1 /* Home */,
				5585FFA2244972C4001A09B1 /* Login */,
				5585FF12244972C4001A09B1 /* Message */,
				5585FED8244972C4001A09B1 /* Myinfo */,
				558500D724497F5F001A09B1 /* Project */,
			);
			path = XSHouseLease;
			sourceTree = "<group>";
		};
		5585FED4244972C4001A09B1 /* Home */ = {
			isa = PBXGroup;
			children = (
				5585FED5244972C4001A09B1 /* HomePageViewController.xib */,
				5585FED6244972C4001A09B1 /* HomePageViewController.m */,
				5585FED7244972C4001A09B1 /* HomePageViewController.h */,
			);
			path = Home;
			sourceTree = "<group>";
		};
		5585FED8244972C4001A09B1 /* Myinfo */ = {
			isa = PBXGroup;
			children = (
				5585FED9244972C4001A09B1 /* MyInfoViewController.xib */,
				5585FEDA244972C4001A09B1 /* MyInfoViewController.m */,
				5585FEDB244972C4001A09B1 /* MyInfoViewController.h */,
			);
			path = Myinfo;
			sourceTree = "<group>";
		};
		5585FEDD244972C4001A09B1 /* Interface */ = {
			isa = PBXGroup;
			children = (
				5585FEDE244972C4001A09B1 /* XSNetworkInterface.h */,
				5585FEDF244972C4001A09B1 /* XShouseSubNetworkInterface.m */,
				5585FEE0244972C4001A09B1 /* XSOperationParam.h */,
				5585FEE1244972C4001A09B1 /* XSHouseBunnerModel.h */,
				5585FEE2244972C4001A09B1 /* XSUserInfoInterface.m */,
				5585FEE3244972C4001A09B1 /* XShouseSubNetworkInterface.h */,
				5585FEE4244972C4001A09B1 /* XSNetworkInterface.m */,
				5585FEE5244972C4001A09B1 /* XSUserInfoInterface.h */,
				5585FEE6244972C4001A09B1 /* XSOperationParam.m */,
				5585FEE7244972C4001A09B1 /* XSHouseBunnerModel.m */,
			);
			path = Interface;
			sourceTree = "<group>";
		};
		5585FEE8244972C4001A09B1 /* Category */ = {
			isa = PBXGroup;
			children = (
				5585FEE9244972C4001A09B1 /* NSDictionary */,
				5585FEEC244972C4001A09B1 /* NSView */,
				5585FEEF244972C4001A09B1 /* HBCategory.h */,
				5585FEF0244972C4001A09B1 /* NSMutableDictionary */,
				5585FEF5244972C4001A09B1 /* NSArray */,
				5585FEFA244972C4001A09B1 /* NSMutableArray */,
				5585FEFD244972C4001A09B1 /* NSNumber */,
				5585FF00244972C4001A09B1 /* NSObject */,
				5585FF0B244972C4001A09B1 /* NSMutableString */,
				5585FF0E244972C4001A09B1 /* NSDate */,
			);
			path = Category;
			sourceTree = "<group>";
		};
		5585FEE9244972C4001A09B1 /* NSDictionary */ = {
			isa = PBXGroup;
			children = (
				5585FEEA244972C4001A09B1 /* NSDictionary+safe.h */,
				5585FEEB244972C4001A09B1 /* NSDictionary+safe.m */,
			);
			path = NSDictionary;
			sourceTree = "<group>";
		};
		5585FEEC244972C4001A09B1 /* NSView */ = {
			isa = PBXGroup;
			children = (
				5585FEED244972C4001A09B1 /* UIView+HBExtension.h */,
				5585FEEE244972C4001A09B1 /* UIView+HBExtension.m */,
			);
			path = NSView;
			sourceTree = "<group>";
		};
		5585FEF0244972C4001A09B1 /* NSMutableDictionary */ = {
			isa = PBXGroup;
			children = (
				5585FEF1244972C4001A09B1 /* PrintBeautifulLog.h */,
				5585FEF2244972C4001A09B1 /* NSMutableDictionary+safe.m */,
				5585FEF3244972C4001A09B1 /* PrintBeautifulLog.m */,
				5585FEF4244972C4001A09B1 /* NSMutableDictionary+safe.h */,
			);
			path = NSMutableDictionary;
			sourceTree = "<group>";
		};
		5585FEF5244972C4001A09B1 /* NSArray */ = {
			isa = PBXGroup;
			children = (
				5585FEF6244972C4001A09B1 /* NSArray+Category.m */,
				5585FEF7244972C4001A09B1 /* NSArray+safe.h */,
				5585FEF8244972C4001A09B1 /* NSArray+Category.h */,
				5585FEF9244972C4001A09B1 /* NSArray+safe.m */,
			);
			path = NSArray;
			sourceTree = "<group>";
		};
		5585FEFA244972C4001A09B1 /* NSMutableArray */ = {
			isa = PBXGroup;
			children = (
				5585FEFB244972C4001A09B1 /* NSMutableArray+safe.m */,
				5585FEFC244972C4001A09B1 /* NSMutableArray+safe.h */,
			);
			path = NSMutableArray;
			sourceTree = "<group>";
		};
		5585FEFD244972C4001A09B1 /* NSNumber */ = {
			isa = PBXGroup;
			children = (
				5585FEFE244972C4001A09B1 /* NSNumber+safe.h */,
				5585FEFF244972C4001A09B1 /* NSNumber+safe.m */,
			);
			path = NSNumber;
			sourceTree = "<group>";
		};
		5585FF00244972C4001A09B1 /* NSObject */ = {
			isa = PBXGroup;
			children = (
				5585FF01244972C4001A09B1 /* NSObject+safe.m */,
				5585FF02244972C4001A09B1 /* NSObject+swizzle.m */,
				5585FF03244972C4001A09B1 /* NSObject+category.h */,
				5585FF04244972C4001A09B1 /* NSObject+HBNotification.m */,
				5585FF05244972C4001A09B1 /* NSObject+PerformBlock.m */,
				5585FF06244972C4001A09B1 /* NSObject+swizzle.h */,
				5585FF07244972C4001A09B1 /* NSObject+safe.h */,
				5585FF08244972C4001A09B1 /* NSObject+HBNotification.h */,
				5585FF09244972C4001A09B1 /* NSObject+category.m */,
				5585FF0A244972C4001A09B1 /* NSObject+PerformBlock.h */,
			);
			path = NSObject;
			sourceTree = "<group>";
		};
		5585FF0B244972C4001A09B1 /* NSMutableString */ = {
			isa = PBXGroup;
			children = (
				5585FF0C244972C4001A09B1 /* NSMutableString+safe.h */,
				5585FF0D244972C4001A09B1 /* NSMutableString+safe.m */,
			);
			path = NSMutableString;
			sourceTree = "<group>";
		};
		5585FF0E244972C4001A09B1 /* NSDate */ = {
			isa = PBXGroup;
			children = (
				5585FF0F244972C4001A09B1 /* NSDate+Category.m */,
				5585FF10244972C4001A09B1 /* NSDate+Category.h */,
			);
			path = NSDate;
			sourceTree = "<group>";
		};
		5585FF12244972C4001A09B1 /* Message */ = {
			isa = PBXGroup;
			children = (
				5585FF13244972C4001A09B1 /* MessageViewController.m */,
				5585FF14244972C4001A09B1 /* MessageViewController.h */,
			);
			path = Message;
			sourceTree = "<group>";
		};
		5585FF8C244972C4001A09B1 /* BaseClass */ = {
			isa = PBXGroup;
			children = (
				5585FF8D244972C4001A09B1 /* XSBaseViewController.m */,
				5585FF8E244972C4001A09B1 /* XSBaseTableViewCell.h */,
				5585FF8F244972C4001A09B1 /* XSBaseNavViewController.m */,
				5585FF90244972C4001A09B1 /* XSBaseTableViewCell.m */,
				5585FF91244972C4001A09B1 /* XSBaseNavViewController.h */,
				5585FF92244972C4001A09B1 /* XSBaseViewController.h */,
			);
			path = BaseClass;
			sourceTree = "<group>";
		};
		5585FF94244972C4001A09B1 /* Find */ = {
			isa = PBXGroup;
			children = (
				5585FF95244972C4001A09B1 /* FindHouseViewController.h */,
				5585FF96244972C4001A09B1 /* FindHouseViewController.m */,
			);
			path = Find;
			sourceTree = "<group>";
		};
		5585FF97244972C4001A09B1 /* Main */ = {
			isa = PBXGroup;
			children = (
				5585FF98244972C4001A09B1 /* AppDelegate.h */,
				5585FF99244972C4001A09B1 /* XSTabBarViewController.h */,
				5585FF9A244972C4001A09B1 /* ViewController.m */,
				5585FF9B244972C4001A09B1 /* SceneDelegate.m */,
				5585FF9C244972C4001A09B1 /* XSNavViewController.h */,
				5585FF9D244972C4001A09B1 /* AppDelegate.m */,
				5585FF9E244972C4001A09B1 /* XSTabBarViewController.m */,
				5585FF9F244972C4001A09B1 /* XSNavViewController.m */,
				5585FFA0244972C4001A09B1 /* ViewController.h */,
				5585FFA1244972C4001A09B1 /* SceneDelegate.h */,
			);
			path = Main;
			sourceTree = "<group>";
		};
		5585FFA2244972C4001A09B1 /* Login */ = {
			isa = PBXGroup;
			children = (
				5585FFAA244972C4001A09B1 /* XSLogInVcModel.h */,
				5585FFA4244972C4001A09B1 /* XSLogInVcModel.m */,
				5585FFAD244972C4001A09B1 /* XSLoginViewController.h */,
				5585FFA6244972C4001A09B1 /* XSLoginViewController.m */,
				5585FFAB244972C4001A09B1 /* XSLoginViewController.xib */,
				5585FFA3244972C4001A09B1 /* XSUserLogInModel.h */,
				5585FFA8244972C4001A09B1 /* XSUserLogInModel.m */,
				5585FFA7244972C4001A09B1 /* XSUserServer.h */,
				5585FFAC244972C4001A09B1 /* XSUserServer.m */,
			);
			path = Login;
			sourceTree = "<group>";
		};
		6C6BC13D241FA75300B62001 = {
			isa = PBXGroup;
			children = (
				5585FED3244972C4001A09B1 /* XSHouseLease */,
				6C6BC147241FA75300B62001 /* Products */,
				21B2C1A32C64168368BA6C4D /* Pods */,
				EF6076CEBC0671227C5E3C1D /* Frameworks */,
			);
			sourceTree = "<group>";
		};
		6C6BC147241FA75300B62001 /* Products */ = {
			isa = PBXGroup;
			children = (
				6C6BC146241FA75300B62001 /* 房鼎汇.app */,
			);
			name = Products;
			sourceTree = "<group>";
		};
		EF6076CEBC0671227C5E3C1D /* Frameworks */ = {
			isa = PBXGroup;
			children = (
				2818EC9B5CB7624F84048215 /* libPods-XSHouseLease.a */,
			);
			name = Frameworks;
			sourceTree = "<group>";
		};
/* End PBXGroup section */

/* Begin PBXNativeTarget section */
		6C6BC145241FA75300B62001 /* XSHouseLease */ = {
			isa = PBXNativeTarget;
			buildConfigurationList = 6C6BC15F241FA75400B62001 /* Build configuration list for PBXNativeTarget "XSHouseLease" */;
			buildPhases = (
				75A14023A34887D804BC5A46 /* [CP] Check Pods Manifest.lock */,
				6C6BC142241FA75300B62001 /* Sources */,
				6C6BC143241FA75300B62001 /* Frameworks */,
				6C6BC144241FA75300B62001 /* Resources */,
				FEF5284A208FE105711D9DE6 /* [CP] Copy Pods Resources */,
			);
			buildRules = (
			);
			dependencies = (
			);
			name = XSHouseLease;
			productName = XSHouseLease;
			productReference = 6C6BC146241FA75300B62001 /* 房鼎汇.app */;
			productType = "com.apple.product-type.application";
		};
/* End PBXNativeTarget section */

/* Begin PBXProject section */
		6C6BC13E241FA75300B62001 /* Project object */ = {
			isa = PBXProject;
			attributes = {
				LastUpgradeCheck = 1120;
				ORGANIZATIONNAME = fang;
				TargetAttributes = {
					6C6BC145241FA75300B62001 = {
						CreatedOnToolsVersion = 11.2;
					};
				};
			};
			buildConfigurationList = 6C6BC141241FA75300B62001 /* Build configuration list for PBXProject "XSHouseLease" */;
			compatibilityVersion = "Xcode 9.3";
			developmentRegion = en;
			hasScannedForEncodings = 0;
			knownRegions = (
				en,
				Base,
			);
			mainGroup = 6C6BC13D241FA75300B62001;
			productRefGroup = 6C6BC147241FA75300B62001 /* Products */;
			projectDirPath = "";
			projectRoot = "";
			targets = (
				6C6BC145241FA75300B62001 /* XSHouseLease */,
			);
		};
/* End PBXProject section */

/* Begin PBXResourcesBuildPhase section */
		6C6BC144241FA75300B62001 /* Resources */ = {
			isa = PBXResourcesBuildPhase;
			buildActionMask = 2147483647;
			files = (
				5585016324497F5F001A09B1 /* XSHouseDetailsController.xib in Resources */,
				5585016124497F5F001A09B1 /* XSLPDTTableViewCell.xib in Resources */,
				5585018F24497F5F001A09B1 /* XSPhotoPickerView.xib in Resources */,
				5585FFB3244972C4001A09B1 /* fangdinghui.cer in Resources */,
				5585FFB1244972C4001A09B1 /* MyInfoViewController.xib in Resources */,
				5585FFC8244972C4001A09B1 /* Assets.xcassets in Resources */,
				55850021244972C5001A09B1 /* Info.plist in Resources */,
				5585FFCB244972C4001A09B1 /* Main.storyboard in Resources */,
				5585017224497F5F001A09B1 /* XSHouseSearch.json in Resources */,
				5585017D24497F5F001A09B1 /* XSHouseInfoShowCell.xib in Resources */,
				5585019124497F5F001A09B1 /* XSHouseSubTableViewCell.xib in Resources */,
				5585FFCA244972C4001A09B1 /* LaunchScreen.storyboard in Resources */,
				5585015124497F5F001A09B1 /* XSHouseIntroduceController.xib in Resources */,
				5585017024497F5F001A09B1 /* XSSellHouseInfoSecond.json in Resources */,
				5585016F24497F5F001A09B1 /* XSSellHouseInfoFirst.json in Resources */,
				5585016B24497F5F001A09B1 /* XSRentHouseDetailsInfo.json in Resources */,
				5585015C24497F5F001A09B1 /* XSDoorCollectionViewCell.xib in Resources */,
				5585017524497F5F001A09B1 /* XSRentHouseInfoThird.json in Resources */,
				5585015424497F5F001A09B1 /* XSHouseSubSuccessViewController.xib in Resources */,
				5585001F244972C5001A09B1 /* XSLoginViewController.xib in Resources */,
				5585FFAF244972C4001A09B1 /* HomePageViewController.xib in Resources */,
				5585015B24497F5F001A09B1 /* XSDoorTableViewCell.xib in Resources */,
				5585015724497F5F001A09B1 /* XSImagesTableViewCell.xib in Resources */,
				5585017124497F5F001A09B1 /* XSSellHouseInfoThird.json in Resources */,
				5585016D24497F5F001A09B1 /* XSHouseInfo.json in Resources */,
				5585019024497F5F001A09B1 /* XSLocationSearchview.xib in Resources */,
				5585016E24497F5F001A09B1 /* XSRentHouseInfoB.json in Resources */,
				5585016A24497F5F001A09B1 /* XSNewHouseDetailsInfo.json in Resources */,
				5585016824497F5F001A09B1 /* XSHouseModuleViewController.xib in Resources */,
				5585018E24497F5F001A09B1 /* XSSearchConditionalView.xib in Resources */,
				5585016C24497F5F001A09B1 /* XSSecondHouseDetailsInfo.json in Resources */,
				5585017424497F5F001A09B1 /* XSRentHouseInfoFirst.json in Resources */,
				5585017324497F5F001A09B1 /* XSRentHouseInfoSecond.json in Resources */,
				5585016624497F5F001A09B1 /* XSHouseSubmitFirstViewController.xib in Resources */,
				5585018A24497F5F001A09B1 /* XSHouseMasterInfoView.xib in Resources */,
			);
			runOnlyForDeploymentPostprocessing = 0;
		};
/* End PBXResourcesBuildPhase section */

/* Begin PBXShellScriptBuildPhase section */
		75A14023A34887D804BC5A46 /* [CP] Check Pods Manifest.lock */ = {
			isa = PBXShellScriptBuildPhase;
			buildActionMask = 2147483647;
			files = (
			);
			inputFileListPaths = (
			);
			inputPaths = (
				"${PODS_PODFILE_DIR_PATH}/Podfile.lock",
				"${PODS_ROOT}/Manifest.lock",
			);
			name = "[CP] Check Pods Manifest.lock";
			outputFileListPaths = (
			);
			outputPaths = (
				"$(DERIVED_FILE_DIR)/Pods-XSHouseLease-checkManifestLockResult.txt",
			);
			runOnlyForDeploymentPostprocessing = 0;
			shellPath = /bin/sh;
			shellScript = "diff \"${PODS_PODFILE_DIR_PATH}/Podfile.lock\" \"${PODS_ROOT}/Manifest.lock\" > /dev/null\nif [ $? != 0 ] ; then\n    # print error to STDERR\n    echo \"error: The sandbox is not in sync with the Podfile.lock. Run 'pod install' or update your CocoaPods installation.\" >&2\n    exit 1\nfi\n# This output is used by Xcode 'outputs' to avoid re-running this script phase.\necho \"SUCCESS\" > \"${SCRIPT_OUTPUT_FILE_0}\"\n";
			showEnvVarsInLog = 0;
		};
		FEF5284A208FE105711D9DE6 /* [CP] Copy Pods Resources */ = {
			isa = PBXShellScriptBuildPhase;
			buildActionMask = 2147483647;
			files = (
			);
			inputFileListPaths = (
				"${PODS_ROOT}/Target Support Files/Pods-XSHouseLease/Pods-XSHouseLease-resources-${CONFIGURATION}-input-files.xcfilelist",
			);
			name = "[CP] Copy Pods Resources";
			outputFileListPaths = (
				"${PODS_ROOT}/Target Support Files/Pods-XSHouseLease/Pods-XSHouseLease-resources-${CONFIGURATION}-output-files.xcfilelist",
			);
			runOnlyForDeploymentPostprocessing = 0;
			shellPath = /bin/sh;
			shellScript = "\"${PODS_ROOT}/Target Support Files/Pods-XSHouseLease/Pods-XSHouseLease-resources.sh\"\n";
			showEnvVarsInLog = 0;
		};
/* End PBXShellScriptBuildPhase section */

/* Begin PBXSourcesBuildPhase section */
		6C6BC142241FA75300B62001 /* Sources */ = {
			isa = PBXSourcesBuildPhase;
			buildActionMask = 2147483647;
			files = (
				5585FFB8244972C4001A09B1 /* XSHouseBunnerModel.m in Sources */,
				5585018C24497F5F001A09B1 /* XSPhotoPickerView.m in Sources */,
				55850012244972C5001A09B1 /* XSBaseNavViewController.m in Sources */,
				5585FFB6244972C4001A09B1 /* XSNetworkInterface.m in Sources */,
				5585016524497F5F001A09B1 /* XSHouseSubmitFirstViewController.m in Sources */,
				5585FFC6244972C4001A09B1 /* NSMutableString+safe.m in Sources */,
				5585015824497F5F001A09B1 /* XSImagesTableViewCell.m in Sources */,
				5585017B24497F5F001A09B1 /* XSBaseServer.m in Sources */,
				5585FFBF244972C4001A09B1 /* NSMutableArray+safe.m in Sources */,
				55850014244972C5001A09B1 /* main.m in Sources */,
				5585015024497F5F001A09B1 /* XSSearchEstateController.m in Sources */,
				5585FFB4244972C4001A09B1 /* XShouseSubNetworkInterface.m in Sources */,
				5585016224497F5F001A09B1 /* XSLPDTViewController.m in Sources */,
				5585FFC9244972C4001A09B1 /* MessageViewController.m in Sources */,
				5585FFB2244972C4001A09B1 /* MyInfoViewController.m in Sources */,
				5585001D244972C5001A09B1 /* XSUserLogInModel.m in Sources */,
				5585FFBB244972C4001A09B1 /* NSMutableDictionary+safe.m in Sources */,
				5585015A24497F5F001A09B1 /* JHCollectionViewFlowLayout.m in Sources */,
				5585018224497F5F001A09B1 /* XSRegionSearchView.m in Sources */,
				5585001C244972C5001A09B1 /* XSLoginViewController.m in Sources */,
				5585FFC0244972C4001A09B1 /* NSNumber+safe.m in Sources */,
				55850016244972C5001A09B1 /* ViewController.m in Sources */,
				5585FFC7244972C4001A09B1 /* NSDate+Category.m in Sources */,
				5585FFC2244972C4001A09B1 /* NSObject+swizzle.m in Sources */,
				55850013244972C5001A09B1 /* XSBaseTableViewCell.m in Sources */,
				55850017244972C5001A09B1 /* SceneDelegate.m in Sources */,
				5585016924497F5F001A09B1 /* XSMyPublishHosueController.m in Sources */,
				5585FFBA244972C4001A09B1 /* UIView+HBExtension.m in Sources */,
				5585017624497F5F001A09B1 /* XSHouseSubMitModel.m in Sources */,
				5585017724497F5F001A09B1 /* XSHouseSubMitServer.m in Sources */,
				5585015E24497F5F001A09B1 /* XSDoorCollectionViewCell.m in Sources */,
				5585016724497F5F001A09B1 /* XSHouseModuleViewController.m in Sources */,
				5585016024497F5F001A09B1 /* XSLPDTTableViewCell.m in Sources */,
				5585017F24497F5F001A09B1 /* XSHouseInfoTableView.m in Sources */,
				5585001A244972C5001A09B1 /* XSNavViewController.m in Sources */,
				5585017E24497F5F001A09B1 /* XSHouseInfoShowCell.m in Sources */,
				5585FFB0244972C4001A09B1 /* HomePageViewController.m in Sources */,
				5585001B244972C5001A09B1 /* XSLogInVcModel.m in Sources */,
				55850018244972C5001A09B1 /* AppDelegate.m in Sources */,
				5585018D24497F5F001A09B1 /* XSHouseRentStatusView.m in Sources */,
				5585015D24497F5F001A09B1 /* XSDoorTableViewCell.m in Sources */,
				5585018024497F5F001A09B1 /* XSLocationSearchview.m in Sources */,
				5585017A24497F5F001A09B1 /* XSHouseInfoShowModel.m in Sources */,
				55850020244972C5001A09B1 /* XSUserServer.m in Sources */,
				55850015244972C5001A09B1 /* FindHouseViewController.m in Sources */,
				5585FFB7244972C4001A09B1 /* XSOperationParam.m in Sources */,
				5585015F24497F5F001A09B1 /* XSDoorViewController.m in Sources */,
				5585017824497F5F001A09B1 /* XSPublicServer.m in Sources */,
				5585015224497F5F001A09B1 /* XSHouseIntroduceController.m in Sources */,
				5585FFBE244972C4001A09B1 /* NSArray+safe.m in Sources */,
				5585016424497F5F001A09B1 /* XSHouseDetailsController.m in Sources */,
				5585FFC4244972C4001A09B1 /* NSObject+PerformBlock.m in Sources */,
				5585015524497F5F001A09B1 /* XSHouseSubSuccessViewController.m in Sources */,
				5585FFBC244972C4001A09B1 /* PrintBeautifulLog.m in Sources */,
				5585FFC1244972C4001A09B1 /* NSObject+safe.m in Sources */,
				5585018B24497F5F001A09B1 /* XSRoundedView.m in Sources */,
				5585015324497F5F001A09B1 /* XSMapViewController.m in Sources */,
				55850011244972C5001A09B1 /* XSBaseViewController.m in Sources */,
				5585015924497F5F001A09B1 /* XSPageViewController.m in Sources */,
				55850019244972C5001A09B1 /* XSTabBarViewController.m in Sources */,
				5585FFC5244972C4001A09B1 /* NSObject+category.m in Sources */,
				5585017924497F5F001A09B1 /* XSHouseDetailsModel.m in Sources */,
				5585FFC3244972C4001A09B1 /* NSObject+HBNotification.m in Sources */,
				5585FFB5244972C4001A09B1 /* XSUserInfoInterface.m in Sources */,
				5585017C24497F5F001A09B1 /* XSHouseSubTableViewCell.m in Sources */,
				5585018924497F5F001A09B1 /* XSCollectionView.m in Sources */,
				5585FFBD244972C4001A09B1 /* NSArray+Category.m in Sources */,
				5585FFB9244972C4001A09B1 /* NSDictionary+safe.m in Sources */,
				5585015624497F5F001A09B1 /* XSImagesViewController.m in Sources */,
				5585018124497F5F001A09B1 /* XSHouseMasterInfoView.m in Sources */,
			);
			runOnlyForDeploymentPostprocessing = 0;
		};
/* End PBXSourcesBuildPhase section */

/* Begin PBXVariantGroup section */
		5585FF15244972C4001A09B1 /* LaunchScreen.storyboard */ = {
			isa = PBXVariantGroup;
			children = (
				5585FF16244972C4001A09B1 /* Base */,
			);
			name = LaunchScreen.storyboard;
			sourceTree = "<group>";
		};
/* End PBXVariantGroup section */

/* Begin XCBuildConfiguration section */
		6C6BC15D241FA75400B62001 /* Debug */ = {
			isa = XCBuildConfiguration;
			buildSettings = {
				ALWAYS_SEARCH_USER_PATHS = NO;
				CLANG_ANALYZER_NONNULL = YES;
				CLANG_ANALYZER_NUMBER_OBJECT_CONVERSION = YES_AGGRESSIVE;
				CLANG_CXX_LANGUAGE_STANDARD = "gnu++14";
				CLANG_CXX_LIBRARY = "libc++";
				CLANG_ENABLE_MODULES = YES;
				CLANG_ENABLE_OBJC_ARC = YES;
				CLANG_ENABLE_OBJC_WEAK = YES;
				CLANG_WARN_BLOCK_CAPTURE_AUTORELEASING = YES;
				CLANG_WARN_BOOL_CONVERSION = YES;
				CLANG_WARN_COMMA = YES;
				CLANG_WARN_CONSTANT_CONVERSION = YES;
				CLANG_WARN_DEPRECATED_OBJC_IMPLEMENTATIONS = YES;
				CLANG_WARN_DIRECT_OBJC_ISA_USAGE = YES_ERROR;
				CLANG_WARN_DOCUMENTATION_COMMENTS = YES;
				CLANG_WARN_EMPTY_BODY = YES;
				CLANG_WARN_ENUM_CONVERSION = YES;
				CLANG_WARN_INFINITE_RECURSION = YES;
				CLANG_WARN_INT_CONVERSION = YES;
				CLANG_WARN_NON_LITERAL_NULL_CONVERSION = YES;
				CLANG_WARN_OBJC_IMPLICIT_RETAIN_SELF = YES;
				CLANG_WARN_OBJC_LITERAL_CONVERSION = YES;
				CLANG_WARN_OBJC_ROOT_CLASS = YES_ERROR;
				CLANG_WARN_RANGE_LOOP_ANALYSIS = YES;
				CLANG_WARN_STRICT_PROTOTYPES = YES;
				CLANG_WARN_SUSPICIOUS_MOVE = YES;
				CLANG_WARN_UNGUARDED_AVAILABILITY = YES_AGGRESSIVE;
				CLANG_WARN_UNREACHABLE_CODE = YES;
				CLANG_WARN__DUPLICATE_METHOD_MATCH = YES;
				COPY_PHASE_STRIP = NO;
				DEBUG_INFORMATION_FORMAT = dwarf;
				ENABLE_STRICT_OBJC_MSGSEND = YES;
				ENABLE_TESTABILITY = YES;
				GCC_C_LANGUAGE_STANDARD = gnu11;
				GCC_DYNAMIC_NO_PIC = NO;
				GCC_NO_COMMON_BLOCKS = YES;
				GCC_OPTIMIZATION_LEVEL = 0;
				GCC_PRECOMPILE_PREFIX_HEADER = NO;
				GCC_PREFIX_HEADER = XSHouseLease/Project/XSPrefixHeader.pch;
				GCC_PREPROCESSOR_DEFINITIONS = (
					"DEBUG=1",
					"$(inherited)",
				);
				GCC_WARN_64_TO_32_BIT_CONVERSION = YES;
				GCC_WARN_ABOUT_RETURN_TYPE = YES_ERROR;
				GCC_WARN_UNDECLARED_SELECTOR = YES;
				GCC_WARN_UNINITIALIZED_AUTOS = YES_AGGRESSIVE;
				GCC_WARN_UNUSED_FUNCTION = YES;
				GCC_WARN_UNUSED_VARIABLE = YES;
				IPHONEOS_DEPLOYMENT_TARGET = 10.0;
				MTL_ENABLE_DEBUG_INFO = INCLUDE_SOURCE;
				MTL_FAST_MATH = YES;
				ONLY_ACTIVE_ARCH = YES;
				SDKROOT = iphoneos;
			};
			name = Debug;
		};
		6C6BC15E241FA75400B62001 /* Release */ = {
			isa = XCBuildConfiguration;
			buildSettings = {
				ALWAYS_SEARCH_USER_PATHS = NO;
				CLANG_ANALYZER_NONNULL = YES;
				CLANG_ANALYZER_NUMBER_OBJECT_CONVERSION = YES_AGGRESSIVE;
				CLANG_CXX_LANGUAGE_STANDARD = "gnu++14";
				CLANG_CXX_LIBRARY = "libc++";
				CLANG_ENABLE_MODULES = YES;
				CLANG_ENABLE_OBJC_ARC = YES;
				CLANG_ENABLE_OBJC_WEAK = YES;
				CLANG_WARN_BLOCK_CAPTURE_AUTORELEASING = YES;
				CLANG_WARN_BOOL_CONVERSION = YES;
				CLANG_WARN_COMMA = YES;
				CLANG_WARN_CONSTANT_CONVERSION = YES;
				CLANG_WARN_DEPRECATED_OBJC_IMPLEMENTATIONS = YES;
				CLANG_WARN_DIRECT_OBJC_ISA_USAGE = YES_ERROR;
				CLANG_WARN_DOCUMENTATION_COMMENTS = YES;
				CLANG_WARN_EMPTY_BODY = YES;
				CLANG_WARN_ENUM_CONVERSION = YES;
				CLANG_WARN_INFINITE_RECURSION = YES;
				CLANG_WARN_INT_CONVERSION = YES;
				CLANG_WARN_NON_LITERAL_NULL_CONVERSION = YES;
				CLANG_WARN_OBJC_IMPLICIT_RETAIN_SELF = YES;
				CLANG_WARN_OBJC_LITERAL_CONVERSION = YES;
				CLANG_WARN_OBJC_ROOT_CLASS = YES_ERROR;
				CLANG_WARN_RANGE_LOOP_ANALYSIS = YES;
				CLANG_WARN_STRICT_PROTOTYPES = YES;
				CLANG_WARN_SUSPICIOUS_MOVE = YES;
				CLANG_WARN_UNGUARDED_AVAILABILITY = YES_AGGRESSIVE;
				CLANG_WARN_UNREACHABLE_CODE = YES;
				CLANG_WARN__DUPLICATE_METHOD_MATCH = YES;
				COPY_PHASE_STRIP = NO;
				DEBUG_INFORMATION_FORMAT = "dwarf-with-dsym";
				ENABLE_NS_ASSERTIONS = NO;
				ENABLE_STRICT_OBJC_MSGSEND = YES;
				GCC_C_LANGUAGE_STANDARD = gnu11;
				GCC_NO_COMMON_BLOCKS = YES;
				GCC_PRECOMPILE_PREFIX_HEADER = NO;
				GCC_PREFIX_HEADER = XSHouseLease/Project/XSPrefixHeader.pch;
				GCC_WARN_64_TO_32_BIT_CONVERSION = YES;
				GCC_WARN_ABOUT_RETURN_TYPE = YES_ERROR;
				GCC_WARN_UNDECLARED_SELECTOR = YES;
				GCC_WARN_UNINITIALIZED_AUTOS = YES_AGGRESSIVE;
				GCC_WARN_UNUSED_FUNCTION = YES;
				GCC_WARN_UNUSED_VARIABLE = YES;
				IPHONEOS_DEPLOYMENT_TARGET = 10.0;
				MTL_ENABLE_DEBUG_INFO = NO;
				MTL_FAST_MATH = YES;
				SDKROOT = iphoneos;
				VALIDATE_PRODUCT = YES;
			};
			name = Release;
		};
		6C6BC160241FA75400B62001 /* Debug */ = {
			isa = XCBuildConfiguration;
			baseConfigurationReference = 66F014AFFCE6A143AA113285 /* Pods-XSHouseLease.debug.xcconfig */;
			buildSettings = {
				ALWAYS_SEARCH_USER_PATHS = NO;
				ASSETCATALOG_COMPILER_APPICON_NAME = AppIcon;
				CODE_SIGN_STYLE = Automatic;
				DEVELOPMENT_TEAM = J4S5RYZMWH;
				GCC_INCREASE_PRECOMPILED_HEADER_SHARING = YES;
				GCC_PREFIX_HEADER = XSHouseLease/Project/XSPrefixHeader.pch;
				INFOPLIST_FILE = XSHouseLease/Info.plist;
				LD_RUNPATH_SEARCH_PATHS = (
					"$(inherited)",
					"@executable_path/Frameworks",
				);
				PRODUCT_BUNDLE_IDENTIFIER = fangdinghui;
				PRODUCT_NAME = "房鼎汇";
				TARGETED_DEVICE_FAMILY = "1,2";
				USER_HEADER_SEARCH_PATHS = "$(PODS_ROOT)/**";
			};
			name = Debug;
		};
		6C6BC161241FA75400B62001 /* Release */ = {
			isa = XCBuildConfiguration;
			baseConfigurationReference = 854FDABF6045260FA4A570E3 /* Pods-XSHouseLease.release.xcconfig */;
			buildSettings = {
				ALWAYS_SEARCH_USER_PATHS = NO;
				ASSETCATALOG_COMPILER_APPICON_NAME = AppIcon;
				CODE_SIGN_STYLE = Automatic;
				DEVELOPMENT_TEAM = J4S5RYZMWH;
				GCC_INCREASE_PRECOMPILED_HEADER_SHARING = YES;
				GCC_PREFIX_HEADER = XSHouseLease/Project/XSPrefixHeader.pch;
				INFOPLIST_FILE = XSHouseLease/Info.plist;
				LD_RUNPATH_SEARCH_PATHS = (
					"$(inherited)",
					"@executable_path/Frameworks",
				);
				PRODUCT_BUNDLE_IDENTIFIER = fangdinghui;
				PRODUCT_NAME = "房鼎汇";
				TARGETED_DEVICE_FAMILY = "1,2";
				USER_HEADER_SEARCH_PATHS = "$(PODS_ROOT)/**";
			};
			name = Release;
		};
/* End XCBuildConfiguration section */

/* Begin XCConfigurationList section */
		6C6BC141241FA75300B62001 /* Build configuration list for PBXProject "XSHouseLease" */ = {
			isa = XCConfigurationList;
			buildConfigurations = (
				6C6BC15D241FA75400B62001 /* Debug */,
				6C6BC15E241FA75400B62001 /* Release */,
			);
			defaultConfigurationIsVisible = 0;
			defaultConfigurationName = Release;
		};
		6C6BC15F241FA75400B62001 /* Build configuration list for PBXNativeTarget "XSHouseLease" */ = {
			isa = XCConfigurationList;
			buildConfigurations = (
				6C6BC160241FA75400B62001 /* Debug */,
				6C6BC161241FA75400B62001 /* Release */,
			);
			defaultConfigurationIsVisible = 0;
			defaultConfigurationName = Release;
		};
/* End XCConfigurationList section */
	};
	rootObject = 6C6BC13E241FA75300B62001 /* Project object */;
}
